
Microsoft Visual Studio Solution File, Format Version 12.00
# Visual Studio 2013
VisualStudioVersion = 12.0.21005.1
MinimumVisualStudioVersion = 10.0.40219.1
Project("{FAE04EC0-301F-11D3-BF4B-00C04F79EFBC}") = "FakeHISClient", "FakeHISClient\FakeHISClient.csproj", "{5E61E31C-D6C3-4451-9080-98BD7EAA36FF}"
EndProject
Project("{FAE04EC0-301F-11D3-BF4B-00C04F79EFBC}") = "NormanFastJson", "..\..\Util\FastJSON\NormanFastJson.csproj", "{DE664864-7993-4FEB-BA90-7D36722ED077}"
EndProject
Project("{FAE04EC0-301F-11D3-BF4B-00C04F79EFBC}") = "WebUtil", "..\..\Util\WebUtil\WebUtil.csproj", "{EA2BD7CB-9EF8-4A60-832E-1CA2A7997E02}"
EndProject
Project("{FAE04EC0-301F-11D3-BF4B-00C04F79EFBC}") = "websocket-sharp", "..\..\Util\NormanWebsocket-Sharp\websocket-sharp.csproj", "{B357BAC7-529E-4D81-A0D2-71041B19C8DE}"
EndProject
Project("{FAE04EC0-301F-11D3-BF4B-00C04F79EFBC}") = "FakeHISServer", "FakeHISServer\FakeHISServer.csproj", "{E9C08482-B1BD-430B-A441-80CBB834754B}"
EndProject
Project("{FAE04EC0-301F-11D3-BF4B-00C04F79EFBC}") = "MyCode", "..\..\MyCode\MyCode\MyCode.csproj", "{5B36DAAB-B384-4110-917C-EF296AF9AEBB}"
EndProject
Project("{FAE04EC0-301F-11D3-BF4B-00C04F79EFBC}") = "AutoUpdate", "..\..\Web&Net\AutoUpdate\AutoUpdate\AutoUpdate.csproj", "{4063341E-1D4D-4D95-B1A0-3E29888073EF}"
EndProject
Project("{FAE04EC0-301F-11D3-BF4B-00C04F79EFBC}") = "FakeHISServerConnector", "FakeHISServerConnector\FakeHISServerConnector.csproj", "{ACE4CAAA-4A56-43F9-8F74-874893BBE7E3}"
EndProject
Project("{FAE04EC0-301F-11D3-BF4B-00C04F79EFBC}") = "AMDM", "AMDM\AMDM.csproj", "{76D244E6-DFC4-4C73-87EE-F6379FACAAAB}"
EndProject
Project("{FAE04EC0-301F-11D3-BF4B-00C04F79EFBC}") = "Keygen", "Keygen\Keygen.csproj", "{1BD6004D-CFEE-4E4E-A7B9-23F40DA1D3D5}"
EndProject
Project("{FAE04EC0-301F-11D3-BF4B-00C04F79EFBC}") = "ServerBase", "..\..\Web&Net\ServerBase\ServerBase.csproj", "{ECBD8018-4690-4C54-BAF6-7637423E1301}"
EndProject
Project("{FAE04EC0-301F-11D3-BF4B-00C04F79EFBC}") = "DomainBase", "..\..\Web&Net\DomainBase\DomainBase.csproj", "{49AA868A-2F48-4BBE-A793-438C15873EF4}"
EndProject
Project("{2150E333-8FDC-42A3-9474-1A3956D46DE8}") = "Web服务器", "Web服务器", "{BBEFDF22-4D25-4C3A-B957-EB8FB4C0C71E}"
EndProject
Project("{2150E333-8FDC-42A3-9474-1A3956D46DE8}") = "公共文件夹", "公共文件夹", "{AB2AB879-777C-46C0-ACF4-35479D23EF05}"
EndProject
Project("{2150E333-8FDC-42A3-9474-1A3956D46DE8}") = "Client客户机安装的", "Client客户机安装的", "{E21EEC8C-4C25-4BA8-ADB8-E27B11A1F25D}"
EndProject
Project("{2150E333-8FDC-42A3-9474-1A3956D46DE8}") = "部署器", "部署器", "{192E245C-57C7-46F1-B4A1-FABE684828D0}"
EndProject
Project("{2150E333-8FDC-42A3-9474-1A3956D46DE8}") = "模拟HIS系统服务器", "模拟HIS系统服务器", "{363C6448-9D0C-492C-A78F-C0FFD41E9157}"
EndProject
Project("{FAE04EC0-301F-11D3-BF4B-00C04F79EFBC}") = "AutoMedicinesGettingTester", "AutoMedicinesGettingTester\AutoMedicinesGettingTester.csproj", "{72A2D6DA-EFD3-4590-A52E-5C4C131C7F68}"
EndProject
Project("{FAE04EC0-301F-11D3-BF4B-00C04F79EFBC}") = "MysqlClient", "..\..\Util\MysqlClient\MysqlClient.csproj", "{CDAED5DF-4651-4026-87FD-71E7B3228B60}"
EndProject
Project("{FAE04EC0-301F-11D3-BF4B-00C04F79EFBC}") = "LogServerService", "LogServerService\LogServerService.csproj", "{AC90307D-E34E-4F82-9712-FE32BBBB6203}"
EndProject
Project("{FAE04EC0-301F-11D3-BF4B-00C04F79EFBC}") = "AMDM_Client_SDK", "AMDM_Client_SDK\AMDM_Client_SDK.csproj", "{9BF4A36F-80E4-4702-9093-E024D09A0682}"
EndProject
Project("{2150E333-8FDC-42A3-9474-1A3956D46DE8}") = "Test测试", "Test测试", "{8DE0FE87-289B-46D3-93E8-B82ECC326FEE}"
EndProject
Project("{FAE04EC0-301F-11D3-BF4B-00C04F79EFBC}") = "阻塞和假死程序需要被看门狗处理", "阻塞和假死程序需要被看门狗处理\阻塞和假死程序需要被看门狗处理.csproj", "{6776F2EE-70BC-4A46-BC98-6011943886AE}"
EndProject
Project("{FAE04EC0-301F-11D3-BF4B-00C04F79EFBC}") = "AMDM_Server_SDK", "AMDM_Server_SDK\AMDM_Server_SDK.csproj", "{9EE91E45-F3A3-47EC-8343-39E66116029E}"
EndProject
Project("{FAE04EC0-301F-11D3-BF4B-00C04F79EFBC}") = "AMDM_Domain", "AMDMDomain\AMDM_Domain.csproj", "{2910FC9B-8ACF-431F-9AF9-573998526463}"
EndProject
Project("{2150E333-8FDC-42A3-9474-1A3956D46DE8}") = "模拟院方提供的数据连接器(sdk)", "模拟院方提供的数据连接器(sdk)", "{0C93E267-FD49-4BDF-B1C3-2239BFBF6104}"
EndProject
Project("{E24C65DC-7377-472B-9ABA-BC803B73C61A}") = "iis-Site/iis/ClientSide/ClientSideApiRouter", "http://localhost:50660/iis/ClientSide/ClientSideApiRouter", "{2494E4B9-38D6-4900-9B61-C6076A751338}"
	ProjectSection(WebsiteProperties) = preProject
		UseIISExpress = "true"
		TargetFrameworkMoniker = ".NETFramework,Version%3Dv2.0"
		ProjectReferences = "{2910FC9B-8ACF-431F-9AF9-573998526463}|AMDM_Domain.dll;{49AA868A-2F48-4BBE-A793-438C15873EF4}|DomainBase.dll;{5B36DAAB-B384-4110-917C-EF296AF9AEBB}|MyCode.dll;{CDAED5DF-4651-4026-87FD-71E7B3228B60}|MysqlClient.dll;{ECBD8018-4690-4C54-BAF6-7637423E1301}|ServerBase.dll;{DE664864-7993-4FEB-BA90-7D36722ED077}|NormanFastJson.dll;{9ee91e45-f3a3-47ec-8343-39e66116029e}|AMDM_Server_SDK.dll;{9bf4a36f-80e4-4702-9093-e024d09a0682}|AMDM_Client_SDK.dll;"
		Debug.AspNetCompiler.VirtualPath = "/ClientSideApiRouter"
		Debug.AspNetCompiler.PhysicalPath = "IIS\ClientSide\ApiRouter\"
		Debug.AspNetCompiler.TargetPath = "PrecompiledWeb\ClientSideApiRouter\"
		Debug.AspNetCompiler.Updateable = "true"
		Debug.AspNetCompiler.ForceOverwrite = "true"
		Debug.AspNetCompiler.FixedNames = "false"
		Debug.AspNetCompiler.Debug = "True"
		Release.AspNetCompiler.VirtualPath = "/ClientSideApiRouter"
		Release.AspNetCompiler.PhysicalPath = "IIS\ClientSide\ApiRouter\"
		Release.AspNetCompiler.TargetPath = "PrecompiledWeb\ClientSideApiRouter\"
		Release.AspNetCompiler.Updateable = "true"
		Release.AspNetCompiler.ForceOverwrite = "true"
		Release.AspNetCompiler.FixedNames = "false"
		Release.AspNetCompiler.Debug = "False"
		SlnRelativePath = "IIS\ClientSide\ApiRouter\"
	EndProjectSection
EndProject
Project("{E24C65DC-7377-472B-9ABA-BC803B73C61A}") = "iis-Site/iis/ServerSide/ServerSideApiRouter", "http://localhost:50660/iis/ServerSide/ServerSideApiRouter", "{B1D01556-1514-417A-A674-EF2F512E5D10}"
	ProjectSection(WebsiteProperties) = preProject
		UseIISExpress = "true"
		TargetFrameworkMoniker = ".NETFramework,Version%3Dv2.0"
		ProjectReferences = "{ecbd8018-4690-4c54-baf6-7637423e1301}|ServerBase.dll;{49AA868A-2F48-4BBE-A793-438C15873EF4}|DomainBase.dll;{DE664864-7993-4FEB-BA90-7D36722ED077}|NormanFastJson.dll;{9ee91e45-f3a3-47ec-8343-39e66116029e}|AMDM_Server_SDK.dll;{2910FC9B-8ACF-431F-9AF9-573998526463}|AMDM_Domain.dll;{5B36DAAB-B384-4110-917C-EF296AF9AEBB}|MyCode.dll;{CDAED5DF-4651-4026-87FD-71E7B3228B60}|MysqlClient.dll;"
		Debug.AspNetCompiler.VirtualPath = "/ServerSideApiRouter"
		Debug.AspNetCompiler.PhysicalPath = "IIS\ServerSide\ApiRouter\"
		Debug.AspNetCompiler.TargetPath = "PrecompiledWeb\ServerSideApiRouter\"
		Debug.AspNetCompiler.Updateable = "true"
		Debug.AspNetCompiler.ForceOverwrite = "true"
		Debug.AspNetCompiler.FixedNames = "false"
		Debug.AspNetCompiler.Debug = "True"
		Release.AspNetCompiler.VirtualPath = "/ServerSideApiRouter"
		Release.AspNetCompiler.PhysicalPath = "IIS\ServerSide\ApiRouter\"
		Release.AspNetCompiler.TargetPath = "PrecompiledWeb\ServerSideApiRouter\"
		Release.AspNetCompiler.Updateable = "true"
		Release.AspNetCompiler.ForceOverwrite = "true"
		Release.AspNetCompiler.FixedNames = "false"
		Release.AspNetCompiler.Debug = "False"
		SlnRelativePath = "IIS\ServerSide\ApiRouter\"
	EndProjectSection
EndProject
Project("{FAE04EC0-301F-11D3-BF4B-00C04F79EFBC}") = "EasyNamedPipe", "..\..\Util\EasyNamedPipe\EasyNamedPipe.csproj", "{472CBA49-D3CD-40EF-830D-6D7438F76389}"
EndProject
Project("{FAE04EC0-301F-11D3-BF4B-00C04F79EFBC}") = "控制手柄", "控制手柄\控制手柄.csproj", "{4ACBF160-7B83-41A8-8D01-8BE2D1FB0C46}"
EndProject
Project("{FAE04EC0-301F-11D3-BF4B-00C04F79EFBC}") = "CCTVCapturer", "..\海康威视\CCTVCapturer\CCTVCapturer\CCTVCapturer.csproj", "{077FFB29-EA44-4F1A-9EC7-000BF0735CB9}"
EndProject
Project("{FAE04EC0-301F-11D3-BF4B-00C04F79EFBC}") = "自动付药机客户端部署工具", "自动付药机客户端部署工具\自动付药机客户端部署工具.csproj", "{0602988E-8C09-4948-8AA0-EFC7AB8112B1}"
EndProject
Project("{FAE04EC0-301F-11D3-BF4B-00C04F79EFBC}") = "GridAutoLayouter", "GridAutoLayouter\GridAutoLayouter.csproj", "{5B09E38D-C70A-4158-9056-DB43F7EAA3B2}"
EndProject
Project("{FAE04EC0-301F-11D3-BF4B-00C04F79EFBC}") = "EasyModbus_Net40", "..\..\Util\EasyModbusTCP.NET-master\EasyModbus\EasyModbus_Net40.csproj", "{7657FC4A-AEDF-4F17-B3E9-0D0DFB1CE23B}"
EndProject
Global
	GlobalSection(SolutionConfigurationPlatforms) = preSolution
		Debug_Ubuntu|Any CPU = Debug_Ubuntu|Any CPU
		Debug_Ubuntu|Mixed Platforms = Debug_Ubuntu|Mixed Platforms
		Debug_Ubuntu|x64 = Debug_Ubuntu|x64
		Debug_Ubuntu|x86 = Debug_Ubuntu|x86
		Debug|Any CPU = Debug|Any CPU
		Debug|Mixed Platforms = Debug|Mixed Platforms
		Debug|x64 = Debug|x64
		Debug|x86 = Debug|x86
		DebugCommercial|Any CPU = DebugCommercial|Any CPU
		DebugCommercial|Mixed Platforms = DebugCommercial|Mixed Platforms
		DebugCommercial|x64 = DebugCommercial|x64
		DebugCommercial|x86 = DebugCommercial|x86
		Release_Ubuntu|Any CPU = Release_Ubuntu|Any CPU
		Release_Ubuntu|Mixed Platforms = Release_Ubuntu|Mixed Platforms
		Release_Ubuntu|x64 = Release_Ubuntu|x64
		Release_Ubuntu|x86 = Release_Ubuntu|x86
		Release|Any CPU = Release|Any CPU
		Release|Mixed Platforms = Release|Mixed Platforms
		Release|x64 = Release|x64
		Release|x86 = Release|x86
	EndGlobalSection
	GlobalSection(ProjectConfigurationPlatforms) = postSolution
		{5E61E31C-D6C3-4451-9080-98BD7EAA36FF}.Debug_Ubuntu|Any CPU.ActiveCfg = Debug|Any CPU
		{5E61E31C-D6C3-4451-9080-98BD7EAA36FF}.Debug_Ubuntu|Any CPU.Build.0 = Debug|Any CPU
		{5E61E31C-D6C3-4451-9080-98BD7EAA36FF}.Debug_Ubuntu|Mixed Platforms.ActiveCfg = Debug|Any CPU
		{5E61E31C-D6C3-4451-9080-98BD7EAA36FF}.Debug_Ubuntu|Mixed Platforms.Build.0 = Debug|Any CPU
		{5E61E31C-D6C3-4451-9080-98BD7EAA36FF}.Debug_Ubuntu|x64.ActiveCfg = Debug|Any CPU
		{5E61E31C-D6C3-4451-9080-98BD7EAA36FF}.Debug_Ubuntu|x86.ActiveCfg = Debug|Any CPU
		{5E61E31C-D6C3-4451-9080-98BD7EAA36FF}.Debug|Any CPU.ActiveCfg = Debug|Any CPU
		{5E61E31C-D6C3-4451-9080-98BD7EAA36FF}.Debug|Any CPU.Build.0 = Debug|Any CPU
		{5E61E31C-D6C3-4451-9080-98BD7EAA36FF}.Debug|Mixed Platforms.ActiveCfg = Debug|Any CPU
		{5E61E31C-D6C3-4451-9080-98BD7EAA36FF}.Debug|Mixed Platforms.Build.0 = Debug|Any CPU
		{5E61E31C-D6C3-4451-9080-98BD7EAA36FF}.Debug|x64.ActiveCfg = Debug|Any CPU
		{5E61E31C-D6C3-4451-9080-98BD7EAA36FF}.Debug|x86.ActiveCfg = Debug|Any CPU
		{5E61E31C-D6C3-4451-9080-98BD7EAA36FF}.DebugCommercial|Any CPU.ActiveCfg = Debug|Any CPU
		{5E61E31C-D6C3-4451-9080-98BD7EAA36FF}.DebugCommercial|Any CPU.Build.0 = Debug|Any CPU
		{5E61E31C-D6C3-4451-9080-98BD7EAA36FF}.DebugCommercial|Mixed Platforms.ActiveCfg = Debug|Any CPU
		{5E61E31C-D6C3-4451-9080-98BD7EAA36FF}.DebugCommercial|Mixed Platforms.Build.0 = Debug|Any CPU
		{5E61E31C-D6C3-4451-9080-98BD7EAA36FF}.DebugCommercial|x64.ActiveCfg = Debug|Any CPU
		{5E61E31C-D6C3-4451-9080-98BD7EAA36FF}.DebugCommercial|x86.ActiveCfg = Debug|Any CPU
		{5E61E31C-D6C3-4451-9080-98BD7EAA36FF}.Release_Ubuntu|Any CPU.ActiveCfg = Release|Any CPU
		{5E61E31C-D6C3-4451-9080-98BD7EAA36FF}.Release_Ubuntu|Any CPU.Build.0 = Release|Any CPU
		{5E61E31C-D6C3-4451-9080-98BD7EAA36FF}.Release_Ubuntu|Mixed Platforms.ActiveCfg = Release|Any CPU
		{5E61E31C-D6C3-4451-9080-98BD7EAA36FF}.Release_Ubuntu|Mixed Platforms.Build.0 = Release|Any CPU
		{5E61E31C-D6C3-4451-9080-98BD7EAA36FF}.Release_Ubuntu|x64.ActiveCfg = Release|Any CPU
		{5E61E31C-D6C3-4451-9080-98BD7EAA36FF}.Release_Ubuntu|x86.ActiveCfg = Release|Any CPU
		{5E61E31C-D6C3-4451-9080-98BD7EAA36FF}.Release|Any CPU.ActiveCfg = Release|Any CPU
		{5E61E31C-D6C3-4451-9080-98BD7EAA36FF}.Release|Any CPU.Build.0 = Release|Any CPU
		{5E61E31C-D6C3-4451-9080-98BD7EAA36FF}.Release|Mixed Platforms.ActiveCfg = Release|Any CPU
		{5E61E31C-D6C3-4451-9080-98BD7EAA36FF}.Release|Mixed Platforms.Build.0 = Release|Any CPU
		{5E61E31C-D6C3-4451-9080-98BD7EAA36FF}.Release|x64.ActiveCfg = Release|Any CPU
		{5E61E31C-D6C3-4451-9080-98BD7EAA36FF}.Release|x86.ActiveCfg = Release|Any CPU
		{DE664864-7993-4FEB-BA90-7D36722ED077}.Debug_Ubuntu|Any CPU.ActiveCfg = Debug|Any CPU
		{DE664864-7993-4FEB-BA90-7D36722ED077}.Debug_Ubuntu|Any CPU.Build.0 = Debug|Any CPU
		{DE664864-7993-4FEB-BA90-7D36722ED077}.Debug_Ubuntu|Mixed Platforms.ActiveCfg = Debug|Any CPU
		{DE664864-7993-4FEB-BA90-7D36722ED077}.Debug_Ubuntu|Mixed Platforms.Build.0 = Debug|Any CPU
		{DE664864-7993-4FEB-BA90-7D36722ED077}.Debug_Ubuntu|x64.ActiveCfg = Debug|Any CPU
		{DE664864-7993-4FEB-BA90-7D36722ED077}.Debug_Ubuntu|x86.ActiveCfg = Debug|Any CPU
		{DE664864-7993-4FEB-BA90-7D36722ED077}.Debug|Any CPU.ActiveCfg = Debug|Any CPU
		{DE664864-7993-4FEB-BA90-7D36722ED077}.Debug|Any CPU.Build.0 = Debug|Any CPU
		{DE664864-7993-4FEB-BA90-7D36722ED077}.Debug|Mixed Platforms.ActiveCfg = Debug|Any CPU
		{DE664864-7993-4FEB-BA90-7D36722ED077}.Debug|Mixed Platforms.Build.0 = Debug|Any CPU
		{DE664864-7993-4FEB-BA90-7D36722ED077}.Debug|x64.ActiveCfg = Debug|Any CPU
		{DE664864-7993-4FEB-BA90-7D36722ED077}.Debug|x86.ActiveCfg = Debug|Any CPU
		{DE664864-7993-4FEB-BA90-7D36722ED077}.DebugCommercial|Any CPU.ActiveCfg = Debug|Any CPU
		{DE664864-7993-4FEB-BA90-7D36722ED077}.DebugCommercial|Any CPU.Build.0 = Debug|Any CPU
		{DE664864-7993-4FEB-BA90-7D36722ED077}.DebugCommercial|Mixed Platforms.ActiveCfg = Debug|Any CPU
		{DE664864-7993-4FEB-BA90-7D36722ED077}.DebugCommercial|Mixed Platforms.Build.0 = Debug|Any CPU
		{DE664864-7993-4FEB-BA90-7D36722ED077}.DebugCommercial|x64.ActiveCfg = Debug|Any CPU
		{DE664864-7993-4FEB-BA90-7D36722ED077}.DebugCommercial|x86.ActiveCfg = Debug|Any CPU
		{DE664864-7993-4FEB-BA90-7D36722ED077}.Release_Ubuntu|Any CPU.ActiveCfg = Release|Any CPU
		{DE664864-7993-4FEB-BA90-7D36722ED077}.Release_Ubuntu|Any CPU.Build.0 = Release|Any CPU
		{DE664864-7993-4FEB-BA90-7D36722ED077}.Release_Ubuntu|Mixed Platforms.ActiveCfg = Release|Any CPU
		{DE664864-7993-4FEB-BA90-7D36722ED077}.Release_Ubuntu|Mixed Platforms.Build.0 = Release|Any CPU
		{DE664864-7993-4FEB-BA90-7D36722ED077}.Release_Ubuntu|x64.ActiveCfg = Release|Any CPU
		{DE664864-7993-4FEB-BA90-7D36722ED077}.Release_Ubuntu|x86.ActiveCfg = Release|Any CPU
		{DE664864-7993-4FEB-BA90-7D36722ED077}.Release|Any CPU.ActiveCfg = Release|Any CPU
		{DE664864-7993-4FEB-BA90-7D36722ED077}.Release|Any CPU.Build.0 = Release|Any CPU
		{DE664864-7993-4FEB-BA90-7D36722ED077}.Release|Mixed Platforms.ActiveCfg = Release|Any CPU
		{DE664864-7993-4FEB-BA90-7D36722ED077}.Release|Mixed Platforms.Build.0 = Release|Any CPU
		{DE664864-7993-4FEB-BA90-7D36722ED077}.Release|x64.ActiveCfg = Release|Any CPU
		{DE664864-7993-4FEB-BA90-7D36722ED077}.Release|x86.ActiveCfg = Release|Any CPU
		{EA2BD7CB-9EF8-4A60-832E-1CA2A7997E02}.Debug_Ubuntu|Any CPU.ActiveCfg = Debug|Any CPU
		{EA2BD7CB-9EF8-4A60-832E-1CA2A7997E02}.Debug_Ubuntu|Any CPU.Build.0 = Debug|Any CPU
		{EA2BD7CB-9EF8-4A60-832E-1CA2A7997E02}.Debug_Ubuntu|Mixed Platforms.ActiveCfg = Debug|Any CPU
		{EA2BD7CB-9EF8-4A60-832E-1CA2A7997E02}.Debug_Ubuntu|Mixed Platforms.Build.0 = Debug|Any CPU
		{EA2BD7CB-9EF8-4A60-832E-1CA2A7997E02}.Debug_Ubuntu|x64.ActiveCfg = Debug|x64
		{EA2BD7CB-9EF8-4A60-832E-1CA2A7997E02}.Debug_Ubuntu|x64.Build.0 = Debug|x64
		{EA2BD7CB-9EF8-4A60-832E-1CA2A7997E02}.Debug_Ubuntu|x86.ActiveCfg = Debug|Any CPU
		{EA2BD7CB-9EF8-4A60-832E-1CA2A7997E02}.Debug|Any CPU.ActiveCfg = Debug|Any CPU
		{EA2BD7CB-9EF8-4A60-832E-1CA2A7997E02}.Debug|Any CPU.Build.0 = Debug|Any CPU
		{EA2BD7CB-9EF8-4A60-832E-1CA2A7997E02}.Debug|Mixed Platforms.ActiveCfg = Debug|Any CPU
		{EA2BD7CB-9EF8-4A60-832E-1CA2A7997E02}.Debug|Mixed Platforms.Build.0 = Debug|Any CPU
		{EA2BD7CB-9EF8-4A60-832E-1CA2A7997E02}.Debug|x64.ActiveCfg = Debug|x64
		{EA2BD7CB-9EF8-4A60-832E-1CA2A7997E02}.Debug|x64.Build.0 = Debug|x64
		{EA2BD7CB-9EF8-4A60-832E-1CA2A7997E02}.Debug|x86.ActiveCfg = Debug|Any CPU
		{EA2BD7CB-9EF8-4A60-832E-1CA2A7997E02}.DebugCommercial|Any CPU.ActiveCfg = Debug|Any CPU
		{EA2BD7CB-9EF8-4A60-832E-1CA2A7997E02}.DebugCommercial|Any CPU.Build.0 = Debug|Any CPU
		{EA2BD7CB-9EF8-4A60-832E-1CA2A7997E02}.DebugCommercial|Mixed Platforms.ActiveCfg = Debug|Any CPU
		{EA2BD7CB-9EF8-4A60-832E-1CA2A7997E02}.DebugCommercial|Mixed Platforms.Build.0 = Debug|Any CPU
		{EA2BD7CB-9EF8-4A60-832E-1CA2A7997E02}.DebugCommercial|x64.ActiveCfg = Debug|x64
		{EA2BD7CB-9EF8-4A60-832E-1CA2A7997E02}.DebugCommercial|x64.Build.0 = Debug|x64
		{EA2BD7CB-9EF8-4A60-832E-1CA2A7997E02}.DebugCommercial|x86.ActiveCfg = Debug|Any CPU
		{EA2BD7CB-9EF8-4A60-832E-1CA2A7997E02}.Release_Ubuntu|Any CPU.ActiveCfg = Release|Any CPU
		{EA2BD7CB-9EF8-4A60-832E-1CA2A7997E02}.Release_Ubuntu|Any CPU.Build.0 = Release|Any CPU
		{EA2BD7CB-9EF8-4A60-832E-1CA2A7997E02}.Release_Ubuntu|Mixed Platforms.ActiveCfg = Release|Any CPU
		{EA2BD7CB-9EF8-4A60-832E-1CA2A7997E02}.Release_Ubuntu|Mixed Platforms.Build.0 = Release|Any CPU
		{EA2BD7CB-9EF8-4A60-832E-1CA2A7997E02}.Release_Ubuntu|x64.ActiveCfg = Release|x64
		{EA2BD7CB-9EF8-4A60-832E-1CA2A7997E02}.Release_Ubuntu|x64.Build.0 = Release|x64
		{EA2BD7CB-9EF8-4A60-832E-1CA2A7997E02}.Release_Ubuntu|x86.ActiveCfg = Release|Any CPU
		{EA2BD7CB-9EF8-4A60-832E-1CA2A7997E02}.Release|Any CPU.ActiveCfg = Release|Any CPU
		{EA2BD7CB-9EF8-4A60-832E-1CA2A7997E02}.Release|Any CPU.Build.0 = Release|Any CPU
		{EA2BD7CB-9EF8-4A60-832E-1CA2A7997E02}.Release|Mixed Platforms.ActiveCfg = Release|Any CPU
		{EA2BD7CB-9EF8-4A60-832E-1CA2A7997E02}.Release|Mixed Platforms.Build.0 = Release|Any CPU
		{EA2BD7CB-9EF8-4A60-832E-1CA2A7997E02}.Release|x64.ActiveCfg = Release|x64
		{EA2BD7CB-9EF8-4A60-832E-1CA2A7997E02}.Release|x64.Build.0 = Release|x64
		{EA2BD7CB-9EF8-4A60-832E-1CA2A7997E02}.Release|x86.ActiveCfg = Release|Any CPU
		{B357BAC7-529E-4D81-A0D2-71041B19C8DE}.Debug_Ubuntu|Any CPU.ActiveCfg = Debug_Ubuntu|Any CPU
		{B357BAC7-529E-4D81-A0D2-71041B19C8DE}.Debug_Ubuntu|Any CPU.Build.0 = Debug_Ubuntu|Any CPU
		{B357BAC7-529E-4D81-A0D2-71041B19C8DE}.Debug_Ubuntu|Mixed Platforms.ActiveCfg = Debug_Ubuntu|Any CPU
		{B357BAC7-529E-4D81-A0D2-71041B19C8DE}.Debug_Ubuntu|Mixed Platforms.Build.0 = Debug_Ubuntu|Any CPU
		{B357BAC7-529E-4D81-A0D2-71041B19C8DE}.Debug_Ubuntu|x64.ActiveCfg = Debug_Ubuntu|Any CPU
		{B357BAC7-529E-4D81-A0D2-71041B19C8DE}.Debug_Ubuntu|x86.ActiveCfg = Debug_Ubuntu|Any CPU
		{B357BAC7-529E-4D81-A0D2-71041B19C8DE}.Debug|Any CPU.ActiveCfg = Debug|Any CPU
		{B357BAC7-529E-4D81-A0D2-71041B19C8DE}.Debug|Any CPU.Build.0 = Debug|Any CPU
		{B357BAC7-529E-4D81-A0D2-71041B19C8DE}.Debug|Mixed Platforms.ActiveCfg = Debug|Any CPU
		{B357BAC7-529E-4D81-A0D2-71041B19C8DE}.Debug|Mixed Platforms.Build.0 = Debug|Any CPU
		{B357BAC7-529E-4D81-A0D2-71041B19C8DE}.Debug|x64.ActiveCfg = Debug|Any CPU
		{B357BAC7-529E-4D81-A0D2-71041B19C8DE}.Debug|x86.ActiveCfg = Debug|Any CPU
		{B357BAC7-529E-4D81-A0D2-71041B19C8DE}.DebugCommercial|Any CPU.ActiveCfg = Debug|Any CPU
		{B357BAC7-529E-4D81-A0D2-71041B19C8DE}.DebugCommercial|Any CPU.Build.0 = Debug|Any CPU
		{B357BAC7-529E-4D81-A0D2-71041B19C8DE}.DebugCommercial|Mixed Platforms.ActiveCfg = Debug|Any CPU
		{B357BAC7-529E-4D81-A0D2-71041B19C8DE}.DebugCommercial|Mixed Platforms.Build.0 = Debug|Any CPU
		{B357BAC7-529E-4D81-A0D2-71041B19C8DE}.DebugCommercial|x64.ActiveCfg = Debug|Any CPU
		{B357BAC7-529E-4D81-A0D2-71041B19C8DE}.DebugCommercial|x86.ActiveCfg = Debug|Any CPU
		{B357BAC7-529E-4D81-A0D2-71041B19C8DE}.Release_Ubuntu|Any CPU.ActiveCfg = Release_Ubuntu|Any CPU
		{B357BAC7-529E-4D81-A0D2-71041B19C8DE}.Release_Ubuntu|Any CPU.Build.0 = Release_Ubuntu|Any CPU
		{B357BAC7-529E-4D81-A0D2-71041B19C8DE}.Release_Ubuntu|Mixed Platforms.ActiveCfg = Release_Ubuntu|Any CPU
		{B357BAC7-529E-4D81-A0D2-71041B19C8DE}.Release_Ubuntu|Mixed Platforms.Build.0 = Release_Ubuntu|Any CPU
		{B357BAC7-529E-4D81-A0D2-71041B19C8DE}.Release_Ubuntu|x64.ActiveCfg = Release_Ubuntu|Any CPU
		{B357BAC7-529E-4D81-A0D2-71041B19C8DE}.Release_Ubuntu|x86.ActiveCfg = Release_Ubuntu|Any CPU
		{B357BAC7-529E-4D81-A0D2-71041B19C8DE}.Release|Any CPU.ActiveCfg = Release|Any CPU
		{B357BAC7-529E-4D81-A0D2-71041B19C8DE}.Release|Any CPU.Build.0 = Release|Any CPU
		{B357BAC7-529E-4D81-A0D2-71041B19C8DE}.Release|Mixed Platforms.ActiveCfg = Release|Any CPU
		{B357BAC7-529E-4D81-A0D2-71041B19C8DE}.Release|Mixed Platforms.Build.0 = Release|Any CPU
		{B357BAC7-529E-4D81-A0D2-71041B19C8DE}.Release|x64.ActiveCfg = Release|Any CPU
		{B357BAC7-529E-4D81-A0D2-71041B19C8DE}.Release|x86.ActiveCfg = Release|Any CPU
		{E9C08482-B1BD-430B-A441-80CBB834754B}.Debug_Ubuntu|Any CPU.ActiveCfg = Debug|Any CPU
		{E9C08482-B1BD-430B-A441-80CBB834754B}.Debug_Ubuntu|Any CPU.Build.0 = Debug|Any CPU
		{E9C08482-B1BD-430B-A441-80CBB834754B}.Debug_Ubuntu|Mixed Platforms.ActiveCfg = Debug|Any CPU
		{E9C08482-B1BD-430B-A441-80CBB834754B}.Debug_Ubuntu|Mixed Platforms.Build.0 = Debug|Any CPU
		{E9C08482-B1BD-430B-A441-80CBB834754B}.Debug_Ubuntu|x64.ActiveCfg = Debug|Any CPU
		{E9C08482-B1BD-430B-A441-80CBB834754B}.Debug_Ubuntu|x86.ActiveCfg = Debug|Any CPU
		{E9C08482-B1BD-430B-A441-80CBB834754B}.Debug|Any CPU.ActiveCfg = Debug|Any CPU
		{E9C08482-B1BD-430B-A441-80CBB834754B}.Debug|Any CPU.Build.0 = Debug|Any CPU
		{E9C08482-B1BD-430B-A441-80CBB834754B}.Debug|Mixed Platforms.ActiveCfg = Debug|Any CPU
		{E9C08482-B1BD-430B-A441-80CBB834754B}.Debug|Mixed Platforms.Build.0 = Debug|Any CPU
		{E9C08482-B1BD-430B-A441-80CBB834754B}.Debug|x64.ActiveCfg = Debug|Any CPU
		{E9C08482-B1BD-430B-A441-80CBB834754B}.Debug|x86.ActiveCfg = Debug|Any CPU
		{E9C08482-B1BD-430B-A441-80CBB834754B}.DebugCommercial|Any CPU.ActiveCfg = Debug|Any CPU
		{E9C08482-B1BD-430B-A441-80CBB834754B}.DebugCommercial|Any CPU.Build.0 = Debug|Any CPU
		{E9C08482-B1BD-430B-A441-80CBB834754B}.DebugCommercial|Mixed Platforms.ActiveCfg = Debug|Any CPU
		{E9C08482-B1BD-430B-A441-80CBB834754B}.DebugCommercial|Mixed Platforms.Build.0 = Debug|Any CPU
		{E9C08482-B1BD-430B-A441-80CBB834754B}.DebugCommercial|x64.ActiveCfg = Debug|Any CPU
		{E9C08482-B1BD-430B-A441-80CBB834754B}.DebugCommercial|x86.ActiveCfg = Debug|Any CPU
		{E9C08482-B1BD-430B-A441-80CBB834754B}.Release_Ubuntu|Any CPU.ActiveCfg = Release|Any CPU
		{E9C08482-B1BD-430B-A441-80CBB834754B}.Release_Ubuntu|Any CPU.Build.0 = Release|Any CPU
		{E9C08482-B1BD-430B-A441-80CBB834754B}.Release_Ubuntu|Mixed Platforms.ActiveCfg = Release|Any CPU
		{E9C08482-B1BD-430B-A441-80CBB834754B}.Release_Ubuntu|Mixed Platforms.Build.0 = Release|Any CPU
		{E9C08482-B1BD-430B-A441-80CBB834754B}.Release_Ubuntu|x64.ActiveCfg = Release|Any CPU
		{E9C08482-B1BD-430B-A441-80CBB834754B}.Release_Ubuntu|x86.ActiveCfg = Release|Any CPU
		{E9C08482-B1BD-430B-A441-80CBB834754B}.Release|Any CPU.ActiveCfg = Release|Any CPU
		{E9C08482-B1BD-430B-A441-80CBB834754B}.Release|Any CPU.Build.0 = Release|Any CPU
		{E9C08482-B1BD-430B-A441-80CBB834754B}.Release|Mixed Platforms.ActiveCfg = Release|Any CPU
		{E9C08482-B1BD-430B-A441-80CBB834754B}.Release|Mixed Platforms.Build.0 = Release|Any CPU
		{E9C08482-B1BD-430B-A441-80CBB834754B}.Release|x64.ActiveCfg = Release|Any CPU
		{E9C08482-B1BD-430B-A441-80CBB834754B}.Release|x86.ActiveCfg = Release|Any CPU
		{5B36DAAB-B384-4110-917C-EF296AF9AEBB}.Debug_Ubuntu|Any CPU.ActiveCfg = Debug|Any CPU
		{5B36DAAB-B384-4110-917C-EF296AF9AEBB}.Debug_Ubuntu|Any CPU.Build.0 = Debug|Any CPU
		{5B36DAAB-B384-4110-917C-EF296AF9AEBB}.Debug_Ubuntu|Mixed Platforms.ActiveCfg = Debug|x86
		{5B36DAAB-B384-4110-917C-EF296AF9AEBB}.Debug_Ubuntu|Mixed Platforms.Build.0 = Debug|x86
		{5B36DAAB-B384-4110-917C-EF296AF9AEBB}.Debug_Ubuntu|x64.ActiveCfg = Debug|Any CPU
		{5B36DAAB-B384-4110-917C-EF296AF9AEBB}.Debug_Ubuntu|x86.ActiveCfg = Debug|x86
		{5B36DAAB-B384-4110-917C-EF296AF9AEBB}.Debug_Ubuntu|x86.Build.0 = Debug|x86
		{5B36DAAB-B384-4110-917C-EF296AF9AEBB}.Debug|Any CPU.ActiveCfg = Debug|Any CPU
		{5B36DAAB-B384-4110-917C-EF296AF9AEBB}.Debug|Any CPU.Build.0 = Debug|Any CPU
		{5B36DAAB-B384-4110-917C-EF296AF9AEBB}.Debug|Mixed Platforms.ActiveCfg = Debug|x86
		{5B36DAAB-B384-4110-917C-EF296AF9AEBB}.Debug|Mixed Platforms.Build.0 = Debug|x86
		{5B36DAAB-B384-4110-917C-EF296AF9AEBB}.Debug|x64.ActiveCfg = Debug|Any CPU
		{5B36DAAB-B384-4110-917C-EF296AF9AEBB}.Debug|x86.ActiveCfg = Debug|x86
		{5B36DAAB-B384-4110-917C-EF296AF9AEBB}.Debug|x86.Build.0 = Debug|x86
		{5B36DAAB-B384-4110-917C-EF296AF9AEBB}.DebugCommercial|Any CPU.ActiveCfg = Debug|Any CPU
		{5B36DAAB-B384-4110-917C-EF296AF9AEBB}.DebugCommercial|Any CPU.Build.0 = Debug|Any CPU
		{5B36DAAB-B384-4110-917C-EF296AF9AEBB}.DebugCommercial|Mixed Platforms.ActiveCfg = Debug|x86
		{5B36DAAB-B384-4110-917C-EF296AF9AEBB}.DebugCommercial|Mixed Platforms.Build.0 = Debug|x86
		{5B36DAAB-B384-4110-917C-EF296AF9AEBB}.DebugCommercial|x64.ActiveCfg = Debug|Any CPU
		{5B36DAAB-B384-4110-917C-EF296AF9AEBB}.DebugCommercial|x86.ActiveCfg = Debug|x86
		{5B36DAAB-B384-4110-917C-EF296AF9AEBB}.DebugCommercial|x86.Build.0 = Debug|x86
		{5B36DAAB-B384-4110-917C-EF296AF9AEBB}.Release_Ubuntu|Any CPU.ActiveCfg = Release|Any CPU
		{5B36DAAB-B384-4110-917C-EF296AF9AEBB}.Release_Ubuntu|Any CPU.Build.0 = Release|Any CPU
		{5B36DAAB-B384-4110-917C-EF296AF9AEBB}.Release_Ubuntu|Mixed Platforms.ActiveCfg = Release|x86
		{5B36DAAB-B384-4110-917C-EF296AF9AEBB}.Release_Ubuntu|Mixed Platforms.Build.0 = Release|x86
		{5B36DAAB-B384-4110-917C-EF296AF9AEBB}.Release_Ubuntu|x64.ActiveCfg = Release|Any CPU
		{5B36DAAB-B384-4110-917C-EF296AF9AEBB}.Release_Ubuntu|x86.ActiveCfg = Release|x86
		{5B36DAAB-B384-4110-917C-EF296AF9AEBB}.Release_Ubuntu|x86.Build.0 = Release|x86
		{5B36DAAB-B384-4110-917C-EF296AF9AEBB}.Release|Any CPU.ActiveCfg = Release|Any CPU
		{5B36DAAB-B384-4110-917C-EF296AF9AEBB}.Release|Any CPU.Build.0 = Release|Any CPU
		{5B36DAAB-B384-4110-917C-EF296AF9AEBB}.Release|Mixed Platforms.ActiveCfg = Release|x86
		{5B36DAAB-B384-4110-917C-EF296AF9AEBB}.Release|Mixed Platforms.Build.0 = Release|x86
		{5B36DAAB-B384-4110-917C-EF296AF9AEBB}.Release|x64.ActiveCfg = Release|Any CPU
		{5B36DAAB-B384-4110-917C-EF296AF9AEBB}.Release|x86.ActiveCfg = Release|x86
		{5B36DAAB-B384-4110-917C-EF296AF9AEBB}.Release|x86.Build.0 = Release|x86
		{4063341E-1D4D-4D95-B1A0-3E29888073EF}.Debug_Ubuntu|Any CPU.ActiveCfg = Debug|Any CPU
		{4063341E-1D4D-4D95-B1A0-3E29888073EF}.Debug_Ubuntu|Any CPU.Build.0 = Debug|Any CPU
		{4063341E-1D4D-4D95-B1A0-3E29888073EF}.Debug_Ubuntu|Mixed Platforms.ActiveCfg = Debug|Any CPU
		{4063341E-1D4D-4D95-B1A0-3E29888073EF}.Debug_Ubuntu|Mixed Platforms.Build.0 = Debug|Any CPU
		{4063341E-1D4D-4D95-B1A0-3E29888073EF}.Debug_Ubuntu|x64.ActiveCfg = Debug|Any CPU
		{4063341E-1D4D-4D95-B1A0-3E29888073EF}.Debug_Ubuntu|x86.ActiveCfg = Debug|Any CPU
		{4063341E-1D4D-4D95-B1A0-3E29888073EF}.Debug|Any CPU.ActiveCfg = Debug|Any CPU
		{4063341E-1D4D-4D95-B1A0-3E29888073EF}.Debug|Any CPU.Build.0 = Debug|Any CPU
		{4063341E-1D4D-4D95-B1A0-3E29888073EF}.Debug|Mixed Platforms.ActiveCfg = Debug|Any CPU
		{4063341E-1D4D-4D95-B1A0-3E29888073EF}.Debug|Mixed Platforms.Build.0 = Debug|Any CPU
		{4063341E-1D4D-4D95-B1A0-3E29888073EF}.Debug|x64.ActiveCfg = Debug|Any CPU
		{4063341E-1D4D-4D95-B1A0-3E29888073EF}.Debug|x86.ActiveCfg = Debug|Any CPU
		{4063341E-1D4D-4D95-B1A0-3E29888073EF}.DebugCommercial|Any CPU.ActiveCfg = Debug|Any CPU
		{4063341E-1D4D-4D95-B1A0-3E29888073EF}.DebugCommercial|Any CPU.Build.0 = Debug|Any CPU
		{4063341E-1D4D-4D95-B1A0-3E29888073EF}.DebugCommercial|Mixed Platforms.ActiveCfg = Debug|Any CPU
		{4063341E-1D4D-4D95-B1A0-3E29888073EF}.DebugCommercial|Mixed Platforms.Build.0 = Debug|Any CPU
		{4063341E-1D4D-4D95-B1A0-3E29888073EF}.DebugCommercial|x64.ActiveCfg = Debug|Any CPU
		{4063341E-1D4D-4D95-B1A0-3E29888073EF}.DebugCommercial|x86.ActiveCfg = Debug|Any CPU
		{4063341E-1D4D-4D95-B1A0-3E29888073EF}.Release_Ubuntu|Any CPU.ActiveCfg = Release|Any CPU
		{4063341E-1D4D-4D95-B1A0-3E29888073EF}.Release_Ubuntu|Any CPU.Build.0 = Release|Any CPU
		{4063341E-1D4D-4D95-B1A0-3E29888073EF}.Release_Ubuntu|Mixed Platforms.ActiveCfg = Release|Any CPU
		{4063341E-1D4D-4D95-B1A0-3E29888073EF}.Release_Ubuntu|Mixed Platforms.Build.0 = Release|Any CPU
		{4063341E-1D4D-4D95-B1A0-3E29888073EF}.Release_Ubuntu|x64.ActiveCfg = Release|Any CPU
		{4063341E-1D4D-4D95-B1A0-3E29888073EF}.Release_Ubuntu|x86.ActiveCfg = Release|Any CPU
		{4063341E-1D4D-4D95-B1A0-3E29888073EF}.Release|Any CPU.ActiveCfg = Release|Any CPU
		{4063341E-1D4D-4D95-B1A0-3E29888073EF}.Release|Any CPU.Build.0 = Release|Any CPU
		{4063341E-1D4D-4D95-B1A0-3E29888073EF}.Release|Mixed Platforms.ActiveCfg = Release|Any CPU
		{4063341E-1D4D-4D95-B1A0-3E29888073EF}.Release|Mixed Platforms.Build.0 = Release|Any CPU
		{4063341E-1D4D-4D95-B1A0-3E29888073EF}.Release|x64.ActiveCfg = Release|Any CPU
		{4063341E-1D4D-4D95-B1A0-3E29888073EF}.Release|x86.ActiveCfg = Release|Any CPU
		{ACE4CAAA-4A56-43F9-8F74-874893BBE7E3}.Debug_Ubuntu|Any CPU.ActiveCfg = Debug|Any CPU
		{ACE4CAAA-4A56-43F9-8F74-874893BBE7E3}.Debug_Ubuntu|Any CPU.Build.0 = Debug|Any CPU
		{ACE4CAAA-4A56-43F9-8F74-874893BBE7E3}.Debug_Ubuntu|Mixed Platforms.ActiveCfg = Debug|Any CPU
		{ACE4CAAA-4A56-43F9-8F74-874893BBE7E3}.Debug_Ubuntu|Mixed Platforms.Build.0 = Debug|Any CPU
		{ACE4CAAA-4A56-43F9-8F74-874893BBE7E3}.Debug_Ubuntu|x64.ActiveCfg = Debug|Any CPU
		{ACE4CAAA-4A56-43F9-8F74-874893BBE7E3}.Debug_Ubuntu|x86.ActiveCfg = Debug|Any CPU
		{ACE4CAAA-4A56-43F9-8F74-874893BBE7E3}.Debug|Any CPU.ActiveCfg = Debug|Any CPU
		{ACE4CAAA-4A56-43F9-8F74-874893BBE7E3}.Debug|Any CPU.Build.0 = Debug|Any CPU
		{ACE4CAAA-4A56-43F9-8F74-874893BBE7E3}.Debug|Mixed Platforms.ActiveCfg = Debug|Any CPU
		{ACE4CAAA-4A56-43F9-8F74-874893BBE7E3}.Debug|Mixed Platforms.Build.0 = Debug|Any CPU
		{ACE4CAAA-4A56-43F9-8F74-874893BBE7E3}.Debug|x64.ActiveCfg = Debug|Any CPU
		{ACE4CAAA-4A56-43F9-8F74-874893BBE7E3}.Debug|x86.ActiveCfg = Debug|Any CPU
		{ACE4CAAA-4A56-43F9-8F74-874893BBE7E3}.DebugCommercial|Any CPU.ActiveCfg = Debug|Any CPU
		{ACE4CAAA-4A56-43F9-8F74-874893BBE7E3}.DebugCommercial|Any CPU.Build.0 = Debug|Any CPU
		{ACE4CAAA-4A56-43F9-8F74-874893BBE7E3}.DebugCommercial|Mixed Platforms.ActiveCfg = Debug|Any CPU
		{ACE4CAAA-4A56-43F9-8F74-874893BBE7E3}.DebugCommercial|Mixed Platforms.Build.0 = Debug|Any CPU
		{ACE4CAAA-4A56-43F9-8F74-874893BBE7E3}.DebugCommercial|x64.ActiveCfg = Debug|Any CPU
		{ACE4CAAA-4A56-43F9-8F74-874893BBE7E3}.DebugCommercial|x86.ActiveCfg = Debug|Any CPU
		{ACE4CAAA-4A56-43F9-8F74-874893BBE7E3}.Release_Ubuntu|Any CPU.ActiveCfg = Release|Any CPU
		{ACE4CAAA-4A56-43F9-8F74-874893BBE7E3}.Release_Ubuntu|Any CPU.Build.0 = Release|Any CPU
		{ACE4CAAA-4A56-43F9-8F74-874893BBE7E3}.Release_Ubuntu|Mixed Platforms.ActiveCfg = Release|Any CPU
		{ACE4CAAA-4A56-43F9-8F74-874893BBE7E3}.Release_Ubuntu|Mixed Platforms.Build.0 = Release|Any CPU
		{ACE4CAAA-4A56-43F9-8F74-874893BBE7E3}.Release_Ubuntu|x64.ActiveCfg = Release|Any CPU
		{ACE4CAAA-4A56-43F9-8F74-874893BBE7E3}.Release_Ubuntu|x86.ActiveCfg = Release|Any CPU
		{ACE4CAAA-4A56-43F9-8F74-874893BBE7E3}.Release|Any CPU.ActiveCfg = Release|Any CPU
		{ACE4CAAA-4A56-43F9-8F74-874893BBE7E3}.Release|Any CPU.Build.0 = Release|Any CPU
		{ACE4CAAA-4A56-43F9-8F74-874893BBE7E3}.Release|Mixed Platforms.ActiveCfg = Release|Any CPU
		{ACE4CAAA-4A56-43F9-8F74-874893BBE7E3}.Release|Mixed Platforms.Build.0 = Release|Any CPU
		{ACE4CAAA-4A56-43F9-8F74-874893BBE7E3}.Release|x64.ActiveCfg = Release|Any CPU
		{ACE4CAAA-4A56-43F9-8F74-874893BBE7E3}.Release|x86.ActiveCfg = Release|Any CPU
		{76D244E6-DFC4-4C73-87EE-F6379FACAAAB}.Debug_Ubuntu|Any CPU.ActiveCfg = Debug|Any CPU
		{76D244E6-DFC4-4C73-87EE-F6379FACAAAB}.Debug_Ubuntu|Any CPU.Build.0 = Debug|Any CPU
		{76D244E6-DFC4-4C73-87EE-F6379FACAAAB}.Debug_Ubuntu|Mixed Platforms.ActiveCfg = Debug|Any CPU
		{76D244E6-DFC4-4C73-87EE-F6379FACAAAB}.Debug_Ubuntu|Mixed Platforms.Build.0 = Debug|Any CPU
		{76D244E6-DFC4-4C73-87EE-F6379FACAAAB}.Debug_Ubuntu|x64.ActiveCfg = Debug|Any CPU
		{76D244E6-DFC4-4C73-87EE-F6379FACAAAB}.Debug_Ubuntu|x86.ActiveCfg = Debug|Any CPU
		{76D244E6-DFC4-4C73-87EE-F6379FACAAAB}.Debug|Any CPU.ActiveCfg = Debug|Any CPU
		{76D244E6-DFC4-4C73-87EE-F6379FACAAAB}.Debug|Any CPU.Build.0 = Debug|Any CPU
		{76D244E6-DFC4-4C73-87EE-F6379FACAAAB}.Debug|Mixed Platforms.ActiveCfg = Debug|Any CPU
		{76D244E6-DFC4-4C73-87EE-F6379FACAAAB}.Debug|Mixed Platforms.Build.0 = Debug|Any CPU
		{76D244E6-DFC4-4C73-87EE-F6379FACAAAB}.Debug|x64.ActiveCfg = Debug|Any CPU
		{76D244E6-DFC4-4C73-87EE-F6379FACAAAB}.Debug|x86.ActiveCfg = Debug|Any CPU
		{76D244E6-DFC4-4C73-87EE-F6379FACAAAB}.DebugCommercial|Any CPU.ActiveCfg = Debug|Any CPU
		{76D244E6-DFC4-4C73-87EE-F6379FACAAAB}.DebugCommercial|Any CPU.Build.0 = Debug|Any CPU
		{76D244E6-DFC4-4C73-87EE-F6379FACAAAB}.DebugCommercial|Mixed Platforms.ActiveCfg = Debug|Any CPU
		{76D244E6-DFC4-4C73-87EE-F6379FACAAAB}.DebugCommercial|Mixed Platforms.Build.0 = Debug|Any CPU
		{76D244E6-DFC4-4C73-87EE-F6379FACAAAB}.DebugCommercial|x64.ActiveCfg = Debug|Any CPU
		{76D244E6-DFC4-4C73-87EE-F6379FACAAAB}.DebugCommercial|x86.ActiveCfg = Debug|Any CPU
		{76D244E6-DFC4-4C73-87EE-F6379FACAAAB}.Release_Ubuntu|Any CPU.ActiveCfg = Release|Any CPU
		{76D244E6-DFC4-4C73-87EE-F6379FACAAAB}.Release_Ubuntu|Any CPU.Build.0 = Release|Any CPU
		{76D244E6-DFC4-4C73-87EE-F6379FACAAAB}.Release_Ubuntu|Mixed Platforms.ActiveCfg = Release|Any CPU
		{76D244E6-DFC4-4C73-87EE-F6379FACAAAB}.Release_Ubuntu|Mixed Platforms.Build.0 = Release|Any CPU
		{76D244E6-DFC4-4C73-87EE-F6379FACAAAB}.Release_Ubuntu|x64.ActiveCfg = Release|Any CPU
		{76D244E6-DFC4-4C73-87EE-F6379FACAAAB}.Release_Ubuntu|x86.ActiveCfg = Release|Any CPU
		{76D244E6-DFC4-4C73-87EE-F6379FACAAAB}.Release|Any CPU.ActiveCfg = Release|Any CPU
		{76D244E6-DFC4-4C73-87EE-F6379FACAAAB}.Release|Any CPU.Build.0 = Release|Any CPU
		{76D244E6-DFC4-4C73-87EE-F6379FACAAAB}.Release|Mixed Platforms.ActiveCfg = Release|Any CPU
		{76D244E6-DFC4-4C73-87EE-F6379FACAAAB}.Release|Mixed Platforms.Build.0 = Release|Any CPU
		{76D244E6-DFC4-4C73-87EE-F6379FACAAAB}.Release|x64.ActiveCfg = Release|Any CPU
		{76D244E6-DFC4-4C73-87EE-F6379FACAAAB}.Release|x86.ActiveCfg = Release|Any CPU
		{1BD6004D-CFEE-4E4E-A7B9-23F40DA1D3D5}.Debug_Ubuntu|Any CPU.ActiveCfg = Debug|Any CPU
		{1BD6004D-CFEE-4E4E-A7B9-23F40DA1D3D5}.Debug_Ubuntu|Any CPU.Build.0 = Debug|Any CPU
		{1BD6004D-CFEE-4E4E-A7B9-23F40DA1D3D5}.Debug_Ubuntu|Mixed Platforms.ActiveCfg = Debug|Any CPU
		{1BD6004D-CFEE-4E4E-A7B9-23F40DA1D3D5}.Debug_Ubuntu|Mixed Platforms.Build.0 = Debug|Any CPU
		{1BD6004D-CFEE-4E4E-A7B9-23F40DA1D3D5}.Debug_Ubuntu|x64.ActiveCfg = Debug|Any CPU
		{1BD6004D-CFEE-4E4E-A7B9-23F40DA1D3D5}.Debug_Ubuntu|x86.ActiveCfg = Debug|Any CPU
		{1BD6004D-CFEE-4E4E-A7B9-23F40DA1D3D5}.Debug|Any CPU.ActiveCfg = Debug|Any CPU
		{1BD6004D-CFEE-4E4E-A7B9-23F40DA1D3D5}.Debug|Any CPU.Build.0 = Debug|Any CPU
		{1BD6004D-CFEE-4E4E-A7B9-23F40DA1D3D5}.Debug|Mixed Platforms.ActiveCfg = Debug|Any CPU
		{1BD6004D-CFEE-4E4E-A7B9-23F40DA1D3D5}.Debug|Mixed Platforms.Build.0 = Debug|Any CPU
		{1BD6004D-CFEE-4E4E-A7B9-23F40DA1D3D5}.Debug|x64.ActiveCfg = Debug|Any CPU
		{1BD6004D-CFEE-4E4E-A7B9-23F40DA1D3D5}.Debug|x86.ActiveCfg = Debug|Any CPU
		{1BD6004D-CFEE-4E4E-A7B9-23F40DA1D3D5}.DebugCommercial|Any CPU.ActiveCfg = Debug|Any CPU
		{1BD6004D-CFEE-4E4E-A7B9-23F40DA1D3D5}.DebugCommercial|Any CPU.Build.0 = Debug|Any CPU
		{1BD6004D-CFEE-4E4E-A7B9-23F40DA1D3D5}.DebugCommercial|Mixed Platforms.ActiveCfg = Debug|Any CPU
		{1BD6004D-CFEE-4E4E-A7B9-23F40DA1D3D5}.DebugCommercial|Mixed Platforms.Build.0 = Debug|Any CPU
		{1BD6004D-CFEE-4E4E-A7B9-23F40DA1D3D5}.DebugCommercial|x64.ActiveCfg = Debug|Any CPU
		{1BD6004D-CFEE-4E4E-A7B9-23F40DA1D3D5}.DebugCommercial|x86.ActiveCfg = Debug|Any CPU
		{1BD6004D-CFEE-4E4E-A7B9-23F40DA1D3D5}.Release_Ubuntu|Any CPU.ActiveCfg = Release|Any CPU
		{1BD6004D-CFEE-4E4E-A7B9-23F40DA1D3D5}.Release_Ubuntu|Any CPU.Build.0 = Release|Any CPU
		{1BD6004D-CFEE-4E4E-A7B9-23F40DA1D3D5}.Release_Ubuntu|Mixed Platforms.ActiveCfg = Release|Any CPU
		{1BD6004D-CFEE-4E4E-A7B9-23F40DA1D3D5}.Release_Ubuntu|Mixed Platforms.Build.0 = Release|Any CPU
		{1BD6004D-CFEE-4E4E-A7B9-23F40DA1D3D5}.Release_Ubuntu|x64.ActiveCfg = Release|Any CPU
		{1BD6004D-CFEE-4E4E-A7B9-23F40DA1D3D5}.Release_Ubuntu|x86.ActiveCfg = Release|Any CPU
		{1BD6004D-CFEE-4E4E-A7B9-23F40DA1D3D5}.Release|Any CPU.ActiveCfg = Release|Any CPU
		{1BD6004D-CFEE-4E4E-A7B9-23F40DA1D3D5}.Release|Any CPU.Build.0 = Release|Any CPU
		{1BD6004D-CFEE-4E4E-A7B9-23F40DA1D3D5}.Release|Mixed Platforms.ActiveCfg = Release|Any CPU
		{1BD6004D-CFEE-4E4E-A7B9-23F40DA1D3D5}.Release|Mixed Platforms.Build.0 = Release|Any CPU
		{1BD6004D-CFEE-4E4E-A7B9-23F40DA1D3D5}.Release|x64.ActiveCfg = Release|Any CPU
		{1BD6004D-CFEE-4E4E-A7B9-23F40DA1D3D5}.Release|x86.ActiveCfg = Release|Any CPU
		{ECBD8018-4690-4C54-BAF6-7637423E1301}.Debug_Ubuntu|Any CPU.ActiveCfg = Debug|Any CPU
		{ECBD8018-4690-4C54-BAF6-7637423E1301}.Debug_Ubuntu|Any CPU.Build.0 = Debug|Any CPU
		{ECBD8018-4690-4C54-BAF6-7637423E1301}.Debug_Ubuntu|Mixed Platforms.ActiveCfg = Debug|Any CPU
		{ECBD8018-4690-4C54-BAF6-7637423E1301}.Debug_Ubuntu|Mixed Platforms.Build.0 = Debug|Any CPU
		{ECBD8018-4690-4C54-BAF6-7637423E1301}.Debug_Ubuntu|x64.ActiveCfg = Debug|Any CPU
		{ECBD8018-4690-4C54-BAF6-7637423E1301}.Debug_Ubuntu|x86.ActiveCfg = Debug|Any CPU
		{ECBD8018-4690-4C54-BAF6-7637423E1301}.Debug|Any CPU.ActiveCfg = Debug|Any CPU
		{ECBD8018-4690-4C54-BAF6-7637423E1301}.Debug|Any CPU.Build.0 = Debug|Any CPU
		{ECBD8018-4690-4C54-BAF6-7637423E1301}.Debug|Mixed Platforms.ActiveCfg = Debug|Any CPU
		{ECBD8018-4690-4C54-BAF6-7637423E1301}.Debug|Mixed Platforms.Build.0 = Debug|Any CPU
		{ECBD8018-4690-4C54-BAF6-7637423E1301}.Debug|x64.ActiveCfg = Debug|Any CPU
		{ECBD8018-4690-4C54-BAF6-7637423E1301}.Debug|x86.ActiveCfg = Debug|Any CPU
		{ECBD8018-4690-4C54-BAF6-7637423E1301}.DebugCommercial|Any CPU.ActiveCfg = Debug|Any CPU
		{ECBD8018-4690-4C54-BAF6-7637423E1301}.DebugCommercial|Any CPU.Build.0 = Debug|Any CPU
		{ECBD8018-4690-4C54-BAF6-7637423E1301}.DebugCommercial|Mixed Platforms.ActiveCfg = Debug|Any CPU
		{ECBD8018-4690-4C54-BAF6-7637423E1301}.DebugCommercial|Mixed Platforms.Build.0 = Debug|Any CPU
		{ECBD8018-4690-4C54-BAF6-7637423E1301}.DebugCommercial|x64.ActiveCfg = Debug|Any CPU
		{ECBD8018-4690-4C54-BAF6-7637423E1301}.DebugCommercial|x86.ActiveCfg = Debug|Any CPU
		{ECBD8018-4690-4C54-BAF6-7637423E1301}.Release_Ubuntu|Any CPU.ActiveCfg = Release|Any CPU
		{ECBD8018-4690-4C54-BAF6-7637423E1301}.Release_Ubuntu|Any CPU.Build.0 = Release|Any CPU
		{ECBD8018-4690-4C54-BAF6-7637423E1301}.Release_Ubuntu|Mixed Platforms.ActiveCfg = Release|Any CPU
		{ECBD8018-4690-4C54-BAF6-7637423E1301}.Release_Ubuntu|Mixed Platforms.Build.0 = Release|Any CPU
		{ECBD8018-4690-4C54-BAF6-7637423E1301}.Release_Ubuntu|x64.ActiveCfg = Release|Any CPU
		{ECBD8018-4690-4C54-BAF6-7637423E1301}.Release_Ubuntu|x86.ActiveCfg = Release|Any CPU
		{ECBD8018-4690-4C54-BAF6-7637423E1301}.Release|Any CPU.ActiveCfg = Release|Any CPU
		{ECBD8018-4690-4C54-BAF6-7637423E1301}.Release|Any CPU.Build.0 = Release|Any CPU
		{ECBD8018-4690-4C54-BAF6-7637423E1301}.Release|Mixed Platforms.ActiveCfg = Release|Any CPU
		{ECBD8018-4690-4C54-BAF6-7637423E1301}.Release|Mixed Platforms.Build.0 = Release|Any CPU
		{ECBD8018-4690-4C54-BAF6-7637423E1301}.Release|x64.ActiveCfg = Release|Any CPU
		{ECBD8018-4690-4C54-BAF6-7637423E1301}.Release|x86.ActiveCfg = Release|Any CPU
		{49AA868A-2F48-4BBE-A793-438C15873EF4}.Debug_Ubuntu|Any CPU.ActiveCfg = Debug|Any CPU
		{49AA868A-2F48-4BBE-A793-438C15873EF4}.Debug_Ubuntu|Any CPU.Build.0 = Debug|Any CPU
		{49AA868A-2F48-4BBE-A793-438C15873EF4}.Debug_Ubuntu|Mixed Platforms.ActiveCfg = Debug|Any CPU
		{49AA868A-2F48-4BBE-A793-438C15873EF4}.Debug_Ubuntu|Mixed Platforms.Build.0 = Debug|Any CPU
		{49AA868A-2F48-4BBE-A793-438C15873EF4}.Debug_Ubuntu|x64.ActiveCfg = Debug|Any CPU
		{49AA868A-2F48-4BBE-A793-438C15873EF4}.Debug_Ubuntu|x86.ActiveCfg = Debug|Any CPU
		{49AA868A-2F48-4BBE-A793-438C15873EF4}.Debug|Any CPU.ActiveCfg = Debug|Any CPU
		{49AA868A-2F48-4BBE-A793-438C15873EF4}.Debug|Any CPU.Build.0 = Debug|Any CPU
		{49AA868A-2F48-4BBE-A793-438C15873EF4}.Debug|Mixed Platforms.ActiveCfg = Debug|Any CPU
		{49AA868A-2F48-4BBE-A793-438C15873EF4}.Debug|Mixed Platforms.Build.0 = Debug|Any CPU
		{49AA868A-2F48-4BBE-A793-438C15873EF4}.Debug|x64.ActiveCfg = Debug|Any CPU
		{49AA868A-2F48-4BBE-A793-438C15873EF4}.Debug|x86.ActiveCfg = Debug|Any CPU
		{49AA868A-2F48-4BBE-A793-438C15873EF4}.DebugCommercial|Any CPU.ActiveCfg = Debug|Any CPU
		{49AA868A-2F48-4BBE-A793-438C15873EF4}.DebugCommercial|Any CPU.Build.0 = Debug|Any CPU
		{49AA868A-2F48-4BBE-A793-438C15873EF4}.DebugCommercial|Mixed Platforms.ActiveCfg = Debug|Any CPU
		{49AA868A-2F48-4BBE-A793-438C15873EF4}.DebugCommercial|Mixed Platforms.Build.0 = Debug|Any CPU
		{49AA868A-2F48-4BBE-A793-438C15873EF4}.DebugCommercial|x64.ActiveCfg = Debug|Any CPU
		{49AA868A-2F48-4BBE-A793-438C15873EF4}.DebugCommercial|x86.ActiveCfg = Debug|Any CPU
		{49AA868A-2F48-4BBE-A793-438C15873EF4}.Release_Ubuntu|Any CPU.ActiveCfg = Release|Any CPU
		{49AA868A-2F48-4BBE-A793-438C15873EF4}.Release_Ubuntu|Any CPU.Build.0 = Release|Any CPU
		{49AA868A-2F48-4BBE-A793-438C15873EF4}.Release_Ubuntu|Mixed Platforms.ActiveCfg = Release|Any CPU
		{49AA868A-2F48-4BBE-A793-438C15873EF4}.Release_Ubuntu|Mixed Platforms.Build.0 = Release|Any CPU
		{49AA868A-2F48-4BBE-A793-438C15873EF4}.Release_Ubuntu|x64.ActiveCfg = Release|Any CPU
		{49AA868A-2F48-4BBE-A793-438C15873EF4}.Release_Ubuntu|x86.ActiveCfg = Release|Any CPU
		{49AA868A-2F48-4BBE-A793-438C15873EF4}.Release|Any CPU.ActiveCfg = Release|Any CPU
		{49AA868A-2F48-4BBE-A793-438C15873EF4}.Release|Any CPU.Build.0 = Release|Any CPU
		{49AA868A-2F48-4BBE-A793-438C15873EF4}.Release|Mixed Platforms.ActiveCfg = Release|Any CPU
		{49AA868A-2F48-4BBE-A793-438C15873EF4}.Release|Mixed Platforms.Build.0 = Release|Any CPU
		{49AA868A-2F48-4BBE-A793-438C15873EF4}.Release|x64.ActiveCfg = Release|Any CPU
		{49AA868A-2F48-4BBE-A793-438C15873EF4}.Release|x86.ActiveCfg = Release|Any CPU
		{72A2D6DA-EFD3-4590-A52E-5C4C131C7F68}.Debug_Ubuntu|Any CPU.ActiveCfg = Debug|Any CPU
		{72A2D6DA-EFD3-4590-A52E-5C4C131C7F68}.Debug_Ubuntu|Any CPU.Build.0 = Debug|Any CPU
		{72A2D6DA-EFD3-4590-A52E-5C4C131C7F68}.Debug_Ubuntu|Mixed Platforms.ActiveCfg = Debug|Any CPU
		{72A2D6DA-EFD3-4590-A52E-5C4C131C7F68}.Debug_Ubuntu|Mixed Platforms.Build.0 = Debug|Any CPU
		{72A2D6DA-EFD3-4590-A52E-5C4C131C7F68}.Debug_Ubuntu|x64.ActiveCfg = Debug|Any CPU
		{72A2D6DA-EFD3-4590-A52E-5C4C131C7F68}.Debug_Ubuntu|x86.ActiveCfg = Debug|Any CPU
		{72A2D6DA-EFD3-4590-A52E-5C4C131C7F68}.Debug|Any CPU.ActiveCfg = Debug|Any CPU
		{72A2D6DA-EFD3-4590-A52E-5C4C131C7F68}.Debug|Any CPU.Build.0 = Debug|Any CPU
		{72A2D6DA-EFD3-4590-A52E-5C4C131C7F68}.Debug|Mixed Platforms.ActiveCfg = Debug|Any CPU
		{72A2D6DA-EFD3-4590-A52E-5C4C131C7F68}.Debug|Mixed Platforms.Build.0 = Debug|Any CPU
		{72A2D6DA-EFD3-4590-A52E-5C4C131C7F68}.Debug|x64.ActiveCfg = Debug|Any CPU
		{72A2D6DA-EFD3-4590-A52E-5C4C131C7F68}.Debug|x86.ActiveCfg = Debug|Any CPU
		{72A2D6DA-EFD3-4590-A52E-5C4C131C7F68}.DebugCommercial|Any CPU.ActiveCfg = Debug|Any CPU
		{72A2D6DA-EFD3-4590-A52E-5C4C131C7F68}.DebugCommercial|Any CPU.Build.0 = Debug|Any CPU
		{72A2D6DA-EFD3-4590-A52E-5C4C131C7F68}.DebugCommercial|Mixed Platforms.ActiveCfg = Debug|Any CPU
		{72A2D6DA-EFD3-4590-A52E-5C4C131C7F68}.DebugCommercial|Mixed Platforms.Build.0 = Debug|Any CPU
		{72A2D6DA-EFD3-4590-A52E-5C4C131C7F68}.DebugCommercial|x64.ActiveCfg = Debug|Any CPU
		{72A2D6DA-EFD3-4590-A52E-5C4C131C7F68}.DebugCommercial|x86.ActiveCfg = Debug|Any CPU
		{72A2D6DA-EFD3-4590-A52E-5C4C131C7F68}.Release_Ubuntu|Any CPU.ActiveCfg = Release|Any CPU
		{72A2D6DA-EFD3-4590-A52E-5C4C131C7F68}.Release_Ubuntu|Any CPU.Build.0 = Release|Any CPU
		{72A2D6DA-EFD3-4590-A52E-5C4C131C7F68}.Release_Ubuntu|Mixed Platforms.ActiveCfg = Release|Any CPU
		{72A2D6DA-EFD3-4590-A52E-5C4C131C7F68}.Release_Ubuntu|Mixed Platforms.Build.0 = Release|Any CPU
		{72A2D6DA-EFD3-4590-A52E-5C4C131C7F68}.Release_Ubuntu|x64.ActiveCfg = Release|Any CPU
		{72A2D6DA-EFD3-4590-A52E-5C4C131C7F68}.Release_Ubuntu|x86.ActiveCfg = Release|Any CPU
		{72A2D6DA-EFD3-4590-A52E-5C4C131C7F68}.Release|Any CPU.ActiveCfg = Release|Any CPU
		{72A2D6DA-EFD3-4590-A52E-5C4C131C7F68}.Release|Any CPU.Build.0 = Release|Any CPU
		{72A2D6DA-EFD3-4590-A52E-5C4C131C7F68}.Release|Mixed Platforms.ActiveCfg = Release|Any CPU
		{72A2D6DA-EFD3-4590-A52E-5C4C131C7F68}.Release|Mixed Platforms.Build.0 = Release|Any CPU
		{72A2D6DA-EFD3-4590-A52E-5C4C131C7F68}.Release|x64.ActiveCfg = Release|Any CPU
		{72A2D6DA-EFD3-4590-A52E-5C4C131C7F68}.Release|x86.ActiveCfg = Release|Any CPU
		{CDAED5DF-4651-4026-87FD-71E7B3228B60}.Debug_Ubuntu|Any CPU.ActiveCfg = Debug|Any CPU
		{CDAED5DF-4651-4026-87FD-71E7B3228B60}.Debug_Ubuntu|Any CPU.Build.0 = Debug|Any CPU
		{CDAED5DF-4651-4026-87FD-71E7B3228B60}.Debug_Ubuntu|Mixed Platforms.ActiveCfg = Debug|Any CPU
		{CDAED5DF-4651-4026-87FD-71E7B3228B60}.Debug_Ubuntu|Mixed Platforms.Build.0 = Debug|Any CPU
		{CDAED5DF-4651-4026-87FD-71E7B3228B60}.Debug_Ubuntu|x64.ActiveCfg = Debug|Any CPU
		{CDAED5DF-4651-4026-87FD-71E7B3228B60}.Debug_Ubuntu|x86.ActiveCfg = Debug|Any CPU
		{CDAED5DF-4651-4026-87FD-71E7B3228B60}.Debug|Any CPU.ActiveCfg = Debug|Any CPU
		{CDAED5DF-4651-4026-87FD-71E7B3228B60}.Debug|Any CPU.Build.0 = Debug|Any CPU
		{CDAED5DF-4651-4026-87FD-71E7B3228B60}.Debug|Mixed Platforms.ActiveCfg = Debug|Any CPU
		{CDAED5DF-4651-4026-87FD-71E7B3228B60}.Debug|Mixed Platforms.Build.0 = Debug|Any CPU
		{CDAED5DF-4651-4026-87FD-71E7B3228B60}.Debug|x64.ActiveCfg = Debug|Any CPU
		{CDAED5DF-4651-4026-87FD-71E7B3228B60}.Debug|x86.ActiveCfg = Debug|Any CPU
		{CDAED5DF-4651-4026-87FD-71E7B3228B60}.DebugCommercial|Any CPU.ActiveCfg = Debug|Any CPU
		{CDAED5DF-4651-4026-87FD-71E7B3228B60}.DebugCommercial|Any CPU.Build.0 = Debug|Any CPU
		{CDAED5DF-4651-4026-87FD-71E7B3228B60}.DebugCommercial|Mixed Platforms.ActiveCfg = Debug|Any CPU
		{CDAED5DF-4651-4026-87FD-71E7B3228B60}.DebugCommercial|Mixed Platforms.Build.0 = Debug|Any CPU
		{CDAED5DF-4651-4026-87FD-71E7B3228B60}.DebugCommercial|x64.ActiveCfg = Debug|Any CPU
		{CDAED5DF-4651-4026-87FD-71E7B3228B60}.DebugCommercial|x86.ActiveCfg = Debug|Any CPU
		{CDAED5DF-4651-4026-87FD-71E7B3228B60}.Release_Ubuntu|Any CPU.ActiveCfg = Release|Any CPU
		{CDAED5DF-4651-4026-87FD-71E7B3228B60}.Release_Ubuntu|Any CPU.Build.0 = Release|Any CPU
		{CDAED5DF-4651-4026-87FD-71E7B3228B60}.Release_Ubuntu|Mixed Platforms.ActiveCfg = Release|Any CPU
		{CDAED5DF-4651-4026-87FD-71E7B3228B60}.Release_Ubuntu|Mixed Platforms.Build.0 = Release|Any CPU
		{CDAED5DF-4651-4026-87FD-71E7B3228B60}.Release_Ubuntu|x64.ActiveCfg = Release|Any CPU
		{CDAED5DF-4651-4026-87FD-71E7B3228B60}.Release_Ubuntu|x86.ActiveCfg = Release|Any CPU
		{CDAED5DF-4651-4026-87FD-71E7B3228B60}.Release|Any CPU.ActiveCfg = Release|Any CPU
		{CDAED5DF-4651-4026-87FD-71E7B3228B60}.Release|Any CPU.Build.0 = Release|Any CPU
		{CDAED5DF-4651-4026-87FD-71E7B3228B60}.Release|Mixed Platforms.ActiveCfg = Release|Any CPU
		{CDAED5DF-4651-4026-87FD-71E7B3228B60}.Release|Mixed Platforms.Build.0 = Release|Any CPU
		{CDAED5DF-4651-4026-87FD-71E7B3228B60}.Release|x64.ActiveCfg = Release|Any CPU
		{CDAED5DF-4651-4026-87FD-71E7B3228B60}.Release|x86.ActiveCfg = Release|Any CPU
		{AC90307D-E34E-4F82-9712-FE32BBBB6203}.Debug_Ubuntu|Any CPU.ActiveCfg = Debug|Any CPU
		{AC90307D-E34E-4F82-9712-FE32BBBB6203}.Debug_Ubuntu|Any CPU.Build.0 = Debug|Any CPU
		{AC90307D-E34E-4F82-9712-FE32BBBB6203}.Debug_Ubuntu|Mixed Platforms.ActiveCfg = Debug|Any CPU
		{AC90307D-E34E-4F82-9712-FE32BBBB6203}.Debug_Ubuntu|Mixed Platforms.Build.0 = Debug|Any CPU
		{AC90307D-E34E-4F82-9712-FE32BBBB6203}.Debug_Ubuntu|x64.ActiveCfg = Debug|Any CPU
		{AC90307D-E34E-4F82-9712-FE32BBBB6203}.Debug_Ubuntu|x86.ActiveCfg = Debug|Any CPU
		{AC90307D-E34E-4F82-9712-FE32BBBB6203}.Debug|Any CPU.ActiveCfg = Debug|Any CPU
		{AC90307D-E34E-4F82-9712-FE32BBBB6203}.Debug|Any CPU.Build.0 = Debug|Any CPU
		{AC90307D-E34E-4F82-9712-FE32BBBB6203}.Debug|Mixed Platforms.ActiveCfg = Debug|Any CPU
		{AC90307D-E34E-4F82-9712-FE32BBBB6203}.Debug|Mixed Platforms.Build.0 = Debug|Any CPU
		{AC90307D-E34E-4F82-9712-FE32BBBB6203}.Debug|x64.ActiveCfg = Debug|Any CPU
		{AC90307D-E34E-4F82-9712-FE32BBBB6203}.Debug|x86.ActiveCfg = Debug|Any CPU
		{AC90307D-E34E-4F82-9712-FE32BBBB6203}.DebugCommercial|Any CPU.ActiveCfg = Debug|Any CPU
		{AC90307D-E34E-4F82-9712-FE32BBBB6203}.DebugCommercial|Any CPU.Build.0 = Debug|Any CPU
		{AC90307D-E34E-4F82-9712-FE32BBBB6203}.DebugCommercial|Mixed Platforms.ActiveCfg = Debug|Any CPU
		{AC90307D-E34E-4F82-9712-FE32BBBB6203}.DebugCommercial|Mixed Platforms.Build.0 = Debug|Any CPU
		{AC90307D-E34E-4F82-9712-FE32BBBB6203}.DebugCommercial|x64.ActiveCfg = Debug|Any CPU
		{AC90307D-E34E-4F82-9712-FE32BBBB6203}.DebugCommercial|x86.ActiveCfg = Debug|Any CPU
		{AC90307D-E34E-4F82-9712-FE32BBBB6203}.Release_Ubuntu|Any CPU.ActiveCfg = Release|Any CPU
		{AC90307D-E34E-4F82-9712-FE32BBBB6203}.Release_Ubuntu|Any CPU.Build.0 = Release|Any CPU
		{AC90307D-E34E-4F82-9712-FE32BBBB6203}.Release_Ubuntu|Mixed Platforms.ActiveCfg = Release|Any CPU
		{AC90307D-E34E-4F82-9712-FE32BBBB6203}.Release_Ubuntu|Mixed Platforms.Build.0 = Release|Any CPU
		{AC90307D-E34E-4F82-9712-FE32BBBB6203}.Release_Ubuntu|x64.ActiveCfg = Release|Any CPU
		{AC90307D-E34E-4F82-9712-FE32BBBB6203}.Release_Ubuntu|x86.ActiveCfg = Release|Any CPU
		{AC90307D-E34E-4F82-9712-FE32BBBB6203}.Release|Any CPU.ActiveCfg = Release|Any CPU
		{AC90307D-E34E-4F82-9712-FE32BBBB6203}.Release|Any CPU.Build.0 = Release|Any CPU
		{AC90307D-E34E-4F82-9712-FE32BBBB6203}.Release|Mixed Platforms.ActiveCfg = Release|Any CPU
		{AC90307D-E34E-4F82-9712-FE32BBBB6203}.Release|Mixed Platforms.Build.0 = Release|Any CPU
		{AC90307D-E34E-4F82-9712-FE32BBBB6203}.Release|x64.ActiveCfg = Release|Any CPU
		{AC90307D-E34E-4F82-9712-FE32BBBB6203}.Release|x86.ActiveCfg = Release|Any CPU
		{9BF4A36F-80E4-4702-9093-E024D09A0682}.Debug_Ubuntu|Any CPU.ActiveCfg = Debug|Any CPU
		{9BF4A36F-80E4-4702-9093-E024D09A0682}.Debug_Ubuntu|Any CPU.Build.0 = Debug|Any CPU
		{9BF4A36F-80E4-4702-9093-E024D09A0682}.Debug_Ubuntu|Mixed Platforms.ActiveCfg = Debug|Any CPU
		{9BF4A36F-80E4-4702-9093-E024D09A0682}.Debug_Ubuntu|Mixed Platforms.Build.0 = Debug|Any CPU
		{9BF4A36F-80E4-4702-9093-E024D09A0682}.Debug_Ubuntu|x64.ActiveCfg = Debug|Any CPU
		{9BF4A36F-80E4-4702-9093-E024D09A0682}.Debug_Ubuntu|x86.ActiveCfg = Debug|Any CPU
		{9BF4A36F-80E4-4702-9093-E024D09A0682}.Debug|Any CPU.ActiveCfg = Debug|Any CPU
		{9BF4A36F-80E4-4702-9093-E024D09A0682}.Debug|Any CPU.Build.0 = Debug|Any CPU
		{9BF4A36F-80E4-4702-9093-E024D09A0682}.Debug|Mixed Platforms.ActiveCfg = Debug|Any CPU
		{9BF4A36F-80E4-4702-9093-E024D09A0682}.Debug|Mixed Platforms.Build.0 = Debug|Any CPU
		{9BF4A36F-80E4-4702-9093-E024D09A0682}.Debug|x64.ActiveCfg = Debug|Any CPU
		{9BF4A36F-80E4-4702-9093-E024D09A0682}.Debug|x86.ActiveCfg = Debug|Any CPU
		{9BF4A36F-80E4-4702-9093-E024D09A0682}.DebugCommercial|Any CPU.ActiveCfg = Debug|Any CPU
		{9BF4A36F-80E4-4702-9093-E024D09A0682}.DebugCommercial|Any CPU.Build.0 = Debug|Any CPU
		{9BF4A36F-80E4-4702-9093-E024D09A0682}.DebugCommercial|Mixed Platforms.ActiveCfg = Debug|Any CPU
		{9BF4A36F-80E4-4702-9093-E024D09A0682}.DebugCommercial|Mixed Platforms.Build.0 = Debug|Any CPU
		{9BF4A36F-80E4-4702-9093-E024D09A0682}.DebugCommercial|x64.ActiveCfg = Debug|Any CPU
		{9BF4A36F-80E4-4702-9093-E024D09A0682}.DebugCommercial|x86.ActiveCfg = Debug|Any CPU
		{9BF4A36F-80E4-4702-9093-E024D09A0682}.Release_Ubuntu|Any CPU.ActiveCfg = Release|Any CPU
		{9BF4A36F-80E4-4702-9093-E024D09A0682}.Release_Ubuntu|Any CPU.Build.0 = Release|Any CPU
		{9BF4A36F-80E4-4702-9093-E024D09A0682}.Release_Ubuntu|Mixed Platforms.ActiveCfg = Release|Any CPU
		{9BF4A36F-80E4-4702-9093-E024D09A0682}.Release_Ubuntu|Mixed Platforms.Build.0 = Release|Any CPU
		{9BF4A36F-80E4-4702-9093-E024D09A0682}.Release_Ubuntu|x64.ActiveCfg = Release|Any CPU
		{9BF4A36F-80E4-4702-9093-E024D09A0682}.Release_Ubuntu|x86.ActiveCfg = Release|Any CPU
		{9BF4A36F-80E4-4702-9093-E024D09A0682}.Release|Any CPU.ActiveCfg = Release|Any CPU
		{9BF4A36F-80E4-4702-9093-E024D09A0682}.Release|Any CPU.Build.0 = Release|Any CPU
		{9BF4A36F-80E4-4702-9093-E024D09A0682}.Release|Mixed Platforms.ActiveCfg = Release|Any CPU
		{9BF4A36F-80E4-4702-9093-E024D09A0682}.Release|Mixed Platforms.Build.0 = Release|Any CPU
		{9BF4A36F-80E4-4702-9093-E024D09A0682}.Release|x64.ActiveCfg = Release|Any CPU
		{9BF4A36F-80E4-4702-9093-E024D09A0682}.Release|x86.ActiveCfg = Release|Any CPU
		{6776F2EE-70BC-4A46-BC98-6011943886AE}.Debug_Ubuntu|Any CPU.ActiveCfg = Debug|Any CPU
		{6776F2EE-70BC-4A46-BC98-6011943886AE}.Debug_Ubuntu|Any CPU.Build.0 = Debug|Any CPU
		{6776F2EE-70BC-4A46-BC98-6011943886AE}.Debug_Ubuntu|Mixed Platforms.ActiveCfg = Debug|Any CPU
		{6776F2EE-70BC-4A46-BC98-6011943886AE}.Debug_Ubuntu|Mixed Platforms.Build.0 = Debug|Any CPU
		{6776F2EE-70BC-4A46-BC98-6011943886AE}.Debug_Ubuntu|x64.ActiveCfg = Debug|Any CPU
		{6776F2EE-70BC-4A46-BC98-6011943886AE}.Debug_Ubuntu|x86.ActiveCfg = Debug|Any CPU
		{6776F2EE-70BC-4A46-BC98-6011943886AE}.Debug|Any CPU.ActiveCfg = Debug|Any CPU
		{6776F2EE-70BC-4A46-BC98-6011943886AE}.Debug|Any CPU.Build.0 = Debug|Any CPU
		{6776F2EE-70BC-4A46-BC98-6011943886AE}.Debug|Mixed Platforms.ActiveCfg = Debug|Any CPU
		{6776F2EE-70BC-4A46-BC98-6011943886AE}.Debug|Mixed Platforms.Build.0 = Debug|Any CPU
		{6776F2EE-70BC-4A46-BC98-6011943886AE}.Debug|x64.ActiveCfg = Debug|Any CPU
		{6776F2EE-70BC-4A46-BC98-6011943886AE}.Debug|x86.ActiveCfg = Debug|Any CPU
		{6776F2EE-70BC-4A46-BC98-6011943886AE}.DebugCommercial|Any CPU.ActiveCfg = Debug|Any CPU
		{6776F2EE-70BC-4A46-BC98-6011943886AE}.DebugCommercial|Any CPU.Build.0 = Debug|Any CPU
		{6776F2EE-70BC-4A46-BC98-6011943886AE}.DebugCommercial|Mixed Platforms.ActiveCfg = Debug|Any CPU
		{6776F2EE-70BC-4A46-BC98-6011943886AE}.DebugCommercial|Mixed Platforms.Build.0 = Debug|Any CPU
		{6776F2EE-70BC-4A46-BC98-6011943886AE}.DebugCommercial|x64.ActiveCfg = Debug|Any CPU
		{6776F2EE-70BC-4A46-BC98-6011943886AE}.DebugCommercial|x86.ActiveCfg = Debug|Any CPU
		{6776F2EE-70BC-4A46-BC98-6011943886AE}.Release_Ubuntu|Any CPU.ActiveCfg = Release|Any CPU
		{6776F2EE-70BC-4A46-BC98-6011943886AE}.Release_Ubuntu|Any CPU.Build.0 = Release|Any CPU
		{6776F2EE-70BC-4A46-BC98-6011943886AE}.Release_Ubuntu|Mixed Platforms.ActiveCfg = Release|Any CPU
		{6776F2EE-70BC-4A46-BC98-6011943886AE}.Release_Ubuntu|Mixed Platforms.Build.0 = Release|Any CPU
		{6776F2EE-70BC-4A46-BC98-6011943886AE}.Release_Ubuntu|x64.ActiveCfg = Release|Any CPU
		{6776F2EE-70BC-4A46-BC98-6011943886AE}.Release_Ubuntu|x86.ActiveCfg = Release|Any CPU
		{6776F2EE-70BC-4A46-BC98-6011943886AE}.Release|Any CPU.ActiveCfg = Release|Any CPU
		{6776F2EE-70BC-4A46-BC98-6011943886AE}.Release|Any CPU.Build.0 = Release|Any CPU
		{6776F2EE-70BC-4A46-BC98-6011943886AE}.Release|Mixed Platforms.ActiveCfg = Release|Any CPU
		{6776F2EE-70BC-4A46-BC98-6011943886AE}.Release|Mixed Platforms.Build.0 = Release|Any CPU
		{6776F2EE-70BC-4A46-BC98-6011943886AE}.Release|x64.ActiveCfg = Release|Any CPU
		{6776F2EE-70BC-4A46-BC98-6011943886AE}.Release|x86.ActiveCfg = Release|Any CPU
		{9EE91E45-F3A3-47EC-8343-39E66116029E}.Debug_Ubuntu|Any CPU.ActiveCfg = Debug|Any CPU
		{9EE91E45-F3A3-47EC-8343-39E66116029E}.Debug_Ubuntu|Any CPU.Build.0 = Debug|Any CPU
		{9EE91E45-F3A3-47EC-8343-39E66116029E}.Debug_Ubuntu|Mixed Platforms.ActiveCfg = Debug|Any CPU
		{9EE91E45-F3A3-47EC-8343-39E66116029E}.Debug_Ubuntu|Mixed Platforms.Build.0 = Debug|Any CPU
		{9EE91E45-F3A3-47EC-8343-39E66116029E}.Debug_Ubuntu|x64.ActiveCfg = Debug|Any CPU
		{9EE91E45-F3A3-47EC-8343-39E66116029E}.Debug_Ubuntu|x86.ActiveCfg = Debug|Any CPU
		{9EE91E45-F3A3-47EC-8343-39E66116029E}.Debug|Any CPU.ActiveCfg = Debug|Any CPU
		{9EE91E45-F3A3-47EC-8343-39E66116029E}.Debug|Any CPU.Build.0 = Debug|Any CPU
		{9EE91E45-F3A3-47EC-8343-39E66116029E}.Debug|Mixed Platforms.ActiveCfg = Debug|Any CPU
		{9EE91E45-F3A3-47EC-8343-39E66116029E}.Debug|Mixed Platforms.Build.0 = Debug|Any CPU
		{9EE91E45-F3A3-47EC-8343-39E66116029E}.Debug|x64.ActiveCfg = Debug|Any CPU
		{9EE91E45-F3A3-47EC-8343-39E66116029E}.Debug|x86.ActiveCfg = Debug|Any CPU
		{9EE91E45-F3A3-47EC-8343-39E66116029E}.DebugCommercial|Any CPU.ActiveCfg = Debug|Any CPU
		{9EE91E45-F3A3-47EC-8343-39E66116029E}.DebugCommercial|Any CPU.Build.0 = Debug|Any CPU
		{9EE91E45-F3A3-47EC-8343-39E66116029E}.DebugCommercial|Mixed Platforms.ActiveCfg = Debug|Any CPU
		{9EE91E45-F3A3-47EC-8343-39E66116029E}.DebugCommercial|Mixed Platforms.Build.0 = Debug|Any CPU
		{9EE91E45-F3A3-47EC-8343-39E66116029E}.DebugCommercial|x64.ActiveCfg = Debug|Any CPU
		{9EE91E45-F3A3-47EC-8343-39E66116029E}.DebugCommercial|x86.ActiveCfg = Debug|Any CPU
		{9EE91E45-F3A3-47EC-8343-39E66116029E}.Release_Ubuntu|Any CPU.ActiveCfg = Release|Any CPU
		{9EE91E45-F3A3-47EC-8343-39E66116029E}.Release_Ubuntu|Any CPU.Build.0 = Release|Any CPU
		{9EE91E45-F3A3-47EC-8343-39E66116029E}.Release_Ubuntu|Mixed Platforms.ActiveCfg = Release|Any CPU
		{9EE91E45-F3A3-47EC-8343-39E66116029E}.Release_Ubuntu|Mixed Platforms.Build.0 = Release|Any CPU
		{9EE91E45-F3A3-47EC-8343-39E66116029E}.Release_Ubuntu|x64.ActiveCfg = Release|Any CPU
		{9EE91E45-F3A3-47EC-8343-39E66116029E}.Release_Ubuntu|x86.ActiveCfg = Release|Any CPU
		{9EE91E45-F3A3-47EC-8343-39E66116029E}.Release|Any CPU.ActiveCfg = Release|Any CPU
		{9EE91E45-F3A3-47EC-8343-39E66116029E}.Release|Any CPU.Build.0 = Release|Any CPU
		{9EE91E45-F3A3-47EC-8343-39E66116029E}.Release|Mixed Platforms.ActiveCfg = Release|Any CPU
		{9EE91E45-F3A3-47EC-8343-39E66116029E}.Release|Mixed Platforms.Build.0 = Release|Any CPU
		{9EE91E45-F3A3-47EC-8343-39E66116029E}.Release|x64.ActiveCfg = Release|Any CPU
		{9EE91E45-F3A3-47EC-8343-39E66116029E}.Release|x86.ActiveCfg = Release|Any CPU
		{2910FC9B-8ACF-431F-9AF9-573998526463}.Debug_Ubuntu|Any CPU.ActiveCfg = Debug|Any CPU
		{2910FC9B-8ACF-431F-9AF9-573998526463}.Debug_Ubuntu|Any CPU.Build.0 = Debug|Any CPU
		{2910FC9B-8ACF-431F-9AF9-573998526463}.Debug_Ubuntu|Mixed Platforms.ActiveCfg = Debug|Any CPU
		{2910FC9B-8ACF-431F-9AF9-573998526463}.Debug_Ubuntu|Mixed Platforms.Build.0 = Debug|Any CPU
		{2910FC9B-8ACF-431F-9AF9-573998526463}.Debug_Ubuntu|x64.ActiveCfg = Debug|Any CPU
		{2910FC9B-8ACF-431F-9AF9-573998526463}.Debug_Ubuntu|x86.ActiveCfg = Debug|Any CPU
		{2910FC9B-8ACF-431F-9AF9-573998526463}.Debug|Any CPU.ActiveCfg = Debug|Any CPU
		{2910FC9B-8ACF-431F-9AF9-573998526463}.Debug|Any CPU.Build.0 = Debug|Any CPU
		{2910FC9B-8ACF-431F-9AF9-573998526463}.Debug|Mixed Platforms.ActiveCfg = Debug|Any CPU
		{2910FC9B-8ACF-431F-9AF9-573998526463}.Debug|Mixed Platforms.Build.0 = Debug|Any CPU
		{2910FC9B-8ACF-431F-9AF9-573998526463}.Debug|x64.ActiveCfg = Debug|Any CPU
		{2910FC9B-8ACF-431F-9AF9-573998526463}.Debug|x86.ActiveCfg = Debug|Any CPU
		{2910FC9B-8ACF-431F-9AF9-573998526463}.DebugCommercial|Any CPU.ActiveCfg = Debug|Any CPU
		{2910FC9B-8ACF-431F-9AF9-573998526463}.DebugCommercial|Any CPU.Build.0 = Debug|Any CPU
		{2910FC9B-8ACF-431F-9AF9-573998526463}.DebugCommercial|Mixed Platforms.ActiveCfg = Debug|Any CPU
		{2910FC9B-8ACF-431F-9AF9-573998526463}.DebugCommercial|Mixed Platforms.Build.0 = Debug|Any CPU
		{2910FC9B-8ACF-431F-9AF9-573998526463}.DebugCommercial|x64.ActiveCfg = Debug|Any CPU
		{2910FC9B-8ACF-431F-9AF9-573998526463}.DebugCommercial|x86.ActiveCfg = Debug|Any CPU
		{2910FC9B-8ACF-431F-9AF9-573998526463}.Release_Ubuntu|Any CPU.ActiveCfg = Release|Any CPU
		{2910FC9B-8ACF-431F-9AF9-573998526463}.Release_Ubuntu|Any CPU.Build.0 = Release|Any CPU
		{2910FC9B-8ACF-431F-9AF9-573998526463}.Release_Ubuntu|Mixed Platforms.ActiveCfg = Release|Any CPU
		{2910FC9B-8ACF-431F-9AF9-573998526463}.Release_Ubuntu|Mixed Platforms.Build.0 = Release|Any CPU
		{2910FC9B-8ACF-431F-9AF9-573998526463}.Release_Ubuntu|x64.ActiveCfg = Release|Any CPU
		{2910FC9B-8ACF-431F-9AF9-573998526463}.Release_Ubuntu|x86.ActiveCfg = Release|Any CPU
		{2910FC9B-8ACF-431F-9AF9-573998526463}.Release|Any CPU.ActiveCfg = Release|Any CPU
		{2910FC9B-8ACF-431F-9AF9-573998526463}.Release|Any CPU.Build.0 = Release|Any CPU
		{2910FC9B-8ACF-431F-9AF9-573998526463}.Release|Mixed Platforms.ActiveCfg = Release|Any CPU
		{2910FC9B-8ACF-431F-9AF9-573998526463}.Release|Mixed Platforms.Build.0 = Release|Any CPU
		{2910FC9B-8ACF-431F-9AF9-573998526463}.Release|x64.ActiveCfg = Release|Any CPU
		{2910FC9B-8ACF-431F-9AF9-573998526463}.Release|x86.ActiveCfg = Release|Any CPU
		{2494E4B9-38D6-4900-9B61-C6076A751338}.Debug_Ubuntu|Any CPU.ActiveCfg = Debug|Any CPU
		{2494E4B9-38D6-4900-9B61-C6076A751338}.Debug_Ubuntu|Any CPU.Build.0 = Debug|Any CPU
		{2494E4B9-38D6-4900-9B61-C6076A751338}.Debug_Ubuntu|Mixed Platforms.ActiveCfg = Debug|Any CPU
		{2494E4B9-38D6-4900-9B61-C6076A751338}.Debug_Ubuntu|Mixed Platforms.Build.0 = Debug|Any CPU
		{2494E4B9-38D6-4900-9B61-C6076A751338}.Debug_Ubuntu|x64.ActiveCfg = Debug|Any CPU
		{2494E4B9-38D6-4900-9B61-C6076A751338}.Debug_Ubuntu|x86.ActiveCfg = Debug|Any CPU
		{2494E4B9-38D6-4900-9B61-C6076A751338}.Debug|Any CPU.ActiveCfg = Debug|Any CPU
		{2494E4B9-38D6-4900-9B61-C6076A751338}.Debug|Any CPU.Build.0 = Debug|Any CPU
		{2494E4B9-38D6-4900-9B61-C6076A751338}.Debug|Mixed Platforms.ActiveCfg = Debug|Any CPU
		{2494E4B9-38D6-4900-9B61-C6076A751338}.Debug|Mixed Platforms.Build.0 = Debug|Any CPU
		{2494E4B9-38D6-4900-9B61-C6076A751338}.Debug|x64.ActiveCfg = Debug|Any CPU
		{2494E4B9-38D6-4900-9B61-C6076A751338}.Debug|x86.ActiveCfg = Debug|Any CPU
		{2494E4B9-38D6-4900-9B61-C6076A751338}.DebugCommercial|Any CPU.ActiveCfg = Debug|Any CPU
		{2494E4B9-38D6-4900-9B61-C6076A751338}.DebugCommercial|Any CPU.Build.0 = Debug|Any CPU
		{2494E4B9-38D6-4900-9B61-C6076A751338}.DebugCommercial|Mixed Platforms.ActiveCfg = Debug|Any CPU
		{2494E4B9-38D6-4900-9B61-C6076A751338}.DebugCommercial|Mixed Platforms.Build.0 = Debug|Any CPU
		{2494E4B9-38D6-4900-9B61-C6076A751338}.DebugCommercial|x64.ActiveCfg = Debug|Any CPU
		{2494E4B9-38D6-4900-9B61-C6076A751338}.DebugCommercial|x86.ActiveCfg = Debug|Any CPU
		{2494E4B9-38D6-4900-9B61-C6076A751338}.Release_Ubuntu|Any CPU.ActiveCfg = Debug|Any CPU
		{2494E4B9-38D6-4900-9B61-C6076A751338}.Release_Ubuntu|Any CPU.Build.0 = Debug|Any CPU
		{2494E4B9-38D6-4900-9B61-C6076A751338}.Release_Ubuntu|Mixed Platforms.ActiveCfg = Debug|Any CPU
		{2494E4B9-38D6-4900-9B61-C6076A751338}.Release_Ubuntu|Mixed Platforms.Build.0 = Debug|Any CPU
		{2494E4B9-38D6-4900-9B61-C6076A751338}.Release_Ubuntu|x64.ActiveCfg = Debug|Any CPU
		{2494E4B9-38D6-4900-9B61-C6076A751338}.Release_Ubuntu|x86.ActiveCfg = Debug|Any CPU
		{2494E4B9-38D6-4900-9B61-C6076A751338}.Release|Any CPU.ActiveCfg = Debug|Any CPU
		{2494E4B9-38D6-4900-9B61-C6076A751338}.Release|Any CPU.Build.0 = Debug|Any CPU
		{2494E4B9-38D6-4900-9B61-C6076A751338}.Release|Mixed Platforms.ActiveCfg = Debug|Any CPU
		{2494E4B9-38D6-4900-9B61-C6076A751338}.Release|Mixed Platforms.Build.0 = Debug|Any CPU
		{2494E4B9-38D6-4900-9B61-C6076A751338}.Release|x64.ActiveCfg = Debug|Any CPU
		{2494E4B9-38D6-4900-9B61-C6076A751338}.Release|x86.ActiveCfg = Debug|Any CPU
		{B1D01556-1514-417A-A674-EF2F512E5D10}.Debug_Ubuntu|Any CPU.ActiveCfg = Debug|Any CPU
		{B1D01556-1514-417A-A674-EF2F512E5D10}.Debug_Ubuntu|Any CPU.Build.0 = Debug|Any CPU
		{B1D01556-1514-417A-A674-EF2F512E5D10}.Debug_Ubuntu|Mixed Platforms.ActiveCfg = Debug|Any CPU
		{B1D01556-1514-417A-A674-EF2F512E5D10}.Debug_Ubuntu|Mixed Platforms.Build.0 = Debug|Any CPU
		{B1D01556-1514-417A-A674-EF2F512E5D10}.Debug_Ubuntu|x64.ActiveCfg = Debug|Any CPU
		{B1D01556-1514-417A-A674-EF2F512E5D10}.Debug_Ubuntu|x86.ActiveCfg = Debug|Any CPU
		{B1D01556-1514-417A-A674-EF2F512E5D10}.Debug|Any CPU.ActiveCfg = Debug|Any CPU
		{B1D01556-1514-417A-A674-EF2F512E5D10}.Debug|Any CPU.Build.0 = Debug|Any CPU
		{B1D01556-1514-417A-A674-EF2F512E5D10}.Debug|Mixed Platforms.ActiveCfg = Debug|Any CPU
		{B1D01556-1514-417A-A674-EF2F512E5D10}.Debug|Mixed Platforms.Build.0 = Debug|Any CPU
		{B1D01556-1514-417A-A674-EF2F512E5D10}.Debug|x64.ActiveCfg = Debug|Any CPU
		{B1D01556-1514-417A-A674-EF2F512E5D10}.Debug|x86.ActiveCfg = Debug|Any CPU
		{B1D01556-1514-417A-A674-EF2F512E5D10}.DebugCommercial|Any CPU.ActiveCfg = Debug|Any CPU
		{B1D01556-1514-417A-A674-EF2F512E5D10}.DebugCommercial|Any CPU.Build.0 = Debug|Any CPU
		{B1D01556-1514-417A-A674-EF2F512E5D10}.DebugCommercial|Mixed Platforms.ActiveCfg = Debug|Any CPU
		{B1D01556-1514-417A-A674-EF2F512E5D10}.DebugCommercial|Mixed Platforms.Build.0 = Debug|Any CPU
		{B1D01556-1514-417A-A674-EF2F512E5D10}.DebugCommercial|x64.ActiveCfg = Debug|Any CPU
		{B1D01556-1514-417A-A674-EF2F512E5D10}.DebugCommercial|x86.ActiveCfg = Debug|Any CPU
		{B1D01556-1514-417A-A674-EF2F512E5D10}.Release_Ubuntu|Any CPU.ActiveCfg = Debug|Any CPU
		{B1D01556-1514-417A-A674-EF2F512E5D10}.Release_Ubuntu|Any CPU.Build.0 = Debug|Any CPU
		{B1D01556-1514-417A-A674-EF2F512E5D10}.Release_Ubuntu|Mixed Platforms.ActiveCfg = Debug|Any CPU
		{B1D01556-1514-417A-A674-EF2F512E5D10}.Release_Ubuntu|Mixed Platforms.Build.0 = Debug|Any CPU
		{B1D01556-1514-417A-A674-EF2F512E5D10}.Release_Ubuntu|x64.ActiveCfg = Debug|Any CPU
		{B1D01556-1514-417A-A674-EF2F512E5D10}.Release_Ubuntu|x86.ActiveCfg = Debug|Any CPU
		{B1D01556-1514-417A-A674-EF2F512E5D10}.Release|Any CPU.ActiveCfg = Debug|Any CPU
		{B1D01556-1514-417A-A674-EF2F512E5D10}.Release|Any CPU.Build.0 = Debug|Any CPU
		{B1D01556-1514-417A-A674-EF2F512E5D10}.Release|Mixed Platforms.ActiveCfg = Debug|Any CPU
		{B1D01556-1514-417A-A674-EF2F512E5D10}.Release|Mixed Platforms.Build.0 = Debug|Any CPU
		{B1D01556-1514-417A-A674-EF2F512E5D10}.Release|x64.ActiveCfg = Debug|Any CPU
		{B1D01556-1514-417A-A674-EF2F512E5D10}.Release|x86.ActiveCfg = Debug|Any CPU
		{472CBA49-D3CD-40EF-830D-6D7438F76389}.Debug_Ubuntu|Any CPU.ActiveCfg = Debug|Any CPU
		{472CBA49-D3CD-40EF-830D-6D7438F76389}.Debug_Ubuntu|Any CPU.Build.0 = Debug|Any CPU
		{472CBA49-D3CD-40EF-830D-6D7438F76389}.Debug_Ubuntu|Mixed Platforms.ActiveCfg = Debug|Any CPU
		{472CBA49-D3CD-40EF-830D-6D7438F76389}.Debug_Ubuntu|Mixed Platforms.Build.0 = Debug|Any CPU
		{472CBA49-D3CD-40EF-830D-6D7438F76389}.Debug_Ubuntu|x64.ActiveCfg = Debug|Any CPU
		{472CBA49-D3CD-40EF-830D-6D7438F76389}.Debug_Ubuntu|x86.ActiveCfg = Debug|Any CPU
		{472CBA49-D3CD-40EF-830D-6D7438F76389}.Debug|Any CPU.ActiveCfg = Debug|Any CPU
		{472CBA49-D3CD-40EF-830D-6D7438F76389}.Debug|Any CPU.Build.0 = Debug|Any CPU
		{472CBA49-D3CD-40EF-830D-6D7438F76389}.Debug|Mixed Platforms.ActiveCfg = Debug|Any CPU
		{472CBA49-D3CD-40EF-830D-6D7438F76389}.Debug|Mixed Platforms.Build.0 = Debug|Any CPU
		{472CBA49-D3CD-40EF-830D-6D7438F76389}.Debug|x64.ActiveCfg = Debug|Any CPU
		{472CBA49-D3CD-40EF-830D-6D7438F76389}.Debug|x86.ActiveCfg = Debug|Any CPU
		{472CBA49-D3CD-40EF-830D-6D7438F76389}.DebugCommercial|Any CPU.ActiveCfg = Debug|Any CPU
		{472CBA49-D3CD-40EF-830D-6D7438F76389}.DebugCommercial|Any CPU.Build.0 = Debug|Any CPU
		{472CBA49-D3CD-40EF-830D-6D7438F76389}.DebugCommercial|Mixed Platforms.ActiveCfg = Debug|Any CPU
		{472CBA49-D3CD-40EF-830D-6D7438F76389}.DebugCommercial|Mixed Platforms.Build.0 = Debug|Any CPU
		{472CBA49-D3CD-40EF-830D-6D7438F76389}.DebugCommercial|x64.ActiveCfg = Debug|Any CPU
		{472CBA49-D3CD-40EF-830D-6D7438F76389}.DebugCommercial|x86.ActiveCfg = Debug|Any CPU
		{472CBA49-D3CD-40EF-830D-6D7438F76389}.Release_Ubuntu|Any CPU.ActiveCfg = Release|Any CPU
		{472CBA49-D3CD-40EF-830D-6D7438F76389}.Release_Ubuntu|Any CPU.Build.0 = Release|Any CPU
		{472CBA49-D3CD-40EF-830D-6D7438F76389}.Release_Ubuntu|Mixed Platforms.ActiveCfg = Release|Any CPU
		{472CBA49-D3CD-40EF-830D-6D7438F76389}.Release_Ubuntu|Mixed Platforms.Build.0 = Release|Any CPU
		{472CBA49-D3CD-40EF-830D-6D7438F76389}.Release_Ubuntu|x64.ActiveCfg = Release|Any CPU
		{472CBA49-D3CD-40EF-830D-6D7438F76389}.Release_Ubuntu|x86.ActiveCfg = Release|Any CPU
		{472CBA49-D3CD-40EF-830D-6D7438F76389}.Release|Any CPU.ActiveCfg = Release|Any CPU
		{472CBA49-D3CD-40EF-830D-6D7438F76389}.Release|Any CPU.Build.0 = Release|Any CPU
		{472CBA49-D3CD-40EF-830D-6D7438F76389}.Release|Mixed Platforms.ActiveCfg = Release|Any CPU
		{472CBA49-D3CD-40EF-830D-6D7438F76389}.Release|Mixed Platforms.Build.0 = Release|Any CPU
		{472CBA49-D3CD-40EF-830D-6D7438F76389}.Release|x64.ActiveCfg = Release|Any CPU
		{472CBA49-D3CD-40EF-830D-6D7438F76389}.Release|x86.ActiveCfg = Release|Any CPU
		{4ACBF160-7B83-41A8-8D01-8BE2D1FB0C46}.Debug_Ubuntu|Any CPU.ActiveCfg = Debug|Any CPU
		{4ACBF160-7B83-41A8-8D01-8BE2D1FB0C46}.Debug_Ubuntu|Any CPU.Build.0 = Debug|Any CPU
		{4ACBF160-7B83-41A8-8D01-8BE2D1FB0C46}.Debug_Ubuntu|Mixed Platforms.ActiveCfg = Debug|Any CPU
		{4ACBF160-7B83-41A8-8D01-8BE2D1FB0C46}.Debug_Ubuntu|Mixed Platforms.Build.0 = Debug|Any CPU
		{4ACBF160-7B83-41A8-8D01-8BE2D1FB0C46}.Debug_Ubuntu|x64.ActiveCfg = Debug|Any CPU
		{4ACBF160-7B83-41A8-8D01-8BE2D1FB0C46}.Debug_Ubuntu|x86.ActiveCfg = Debug|Any CPU
		{4ACBF160-7B83-41A8-8D01-8BE2D1FB0C46}.Debug|Any CPU.ActiveCfg = Debug|Any CPU
		{4ACBF160-7B83-41A8-8D01-8BE2D1FB0C46}.Debug|Any CPU.Build.0 = Debug|Any CPU
		{4ACBF160-7B83-41A8-8D01-8BE2D1FB0C46}.Debug|Mixed Platforms.ActiveCfg = Debug|Any CPU
		{4ACBF160-7B83-41A8-8D01-8BE2D1FB0C46}.Debug|Mixed Platforms.Build.0 = Debug|Any CPU
		{4ACBF160-7B83-41A8-8D01-8BE2D1FB0C46}.Debug|x64.ActiveCfg = Debug|Any CPU
		{4ACBF160-7B83-41A8-8D01-8BE2D1FB0C46}.Debug|x86.ActiveCfg = Debug|Any CPU
		{4ACBF160-7B83-41A8-8D01-8BE2D1FB0C46}.DebugCommercial|Any CPU.ActiveCfg = Debug|Any CPU
		{4ACBF160-7B83-41A8-8D01-8BE2D1FB0C46}.DebugCommercial|Any CPU.Build.0 = Debug|Any CPU
		{4ACBF160-7B83-41A8-8D01-8BE2D1FB0C46}.DebugCommercial|Mixed Platforms.ActiveCfg = Debug|Any CPU
		{4ACBF160-7B83-41A8-8D01-8BE2D1FB0C46}.DebugCommercial|Mixed Platforms.Build.0 = Debug|Any CPU
		{4ACBF160-7B83-41A8-8D01-8BE2D1FB0C46}.DebugCommercial|x64.ActiveCfg = Debug|Any CPU
		{4ACBF160-7B83-41A8-8D01-8BE2D1FB0C46}.DebugCommercial|x86.ActiveCfg = Debug|Any CPU
		{4ACBF160-7B83-41A8-8D01-8BE2D1FB0C46}.Release_Ubuntu|Any CPU.ActiveCfg = Release|Any CPU
		{4ACBF160-7B83-41A8-8D01-8BE2D1FB0C46}.Release_Ubuntu|Any CPU.Build.0 = Release|Any CPU
		{4ACBF160-7B83-41A8-8D01-8BE2D1FB0C46}.Release_Ubuntu|Mixed Platforms.ActiveCfg = Release|Any CPU
		{4ACBF160-7B83-41A8-8D01-8BE2D1FB0C46}.Release_Ubuntu|Mixed Platforms.Build.0 = Release|Any CPU
		{4ACBF160-7B83-41A8-8D01-8BE2D1FB0C46}.Release_Ubuntu|x64.ActiveCfg = Release|Any CPU
		{4ACBF160-7B83-41A8-8D01-8BE2D1FB0C46}.Release_Ubuntu|x86.ActiveCfg = Release|Any CPU
		{4ACBF160-7B83-41A8-8D01-8BE2D1FB0C46}.Release|Any CPU.ActiveCfg = Release|Any CPU
		{4ACBF160-7B83-41A8-8D01-8BE2D1FB0C46}.Release|Any CPU.Build.0 = Release|Any CPU
		{4ACBF160-7B83-41A8-8D01-8BE2D1FB0C46}.Release|Mixed Platforms.ActiveCfg = Release|Any CPU
		{4ACBF160-7B83-41A8-8D01-8BE2D1FB0C46}.Release|Mixed Platforms.Build.0 = Release|Any CPU
		{4ACBF160-7B83-41A8-8D01-8BE2D1FB0C46}.Release|x64.ActiveCfg = Release|Any CPU
		{4ACBF160-7B83-41A8-8D01-8BE2D1FB0C46}.Release|x86.ActiveCfg = Release|Any CPU
		{077FFB29-EA44-4F1A-9EC7-000BF0735CB9}.Debug_Ubuntu|Any CPU.ActiveCfg = Debug|Any CPU
		{077FFB29-EA44-4F1A-9EC7-000BF0735CB9}.Debug_Ubuntu|Any CPU.Build.0 = Debug|Any CPU
		{077FFB29-EA44-4F1A-9EC7-000BF0735CB9}.Debug_Ubuntu|Mixed Platforms.ActiveCfg = Debug|Any CPU
		{077FFB29-EA44-4F1A-9EC7-000BF0735CB9}.Debug_Ubuntu|Mixed Platforms.Build.0 = Debug|Any CPU
		{077FFB29-EA44-4F1A-9EC7-000BF0735CB9}.Debug_Ubuntu|x64.ActiveCfg = Debug|x64
		{077FFB29-EA44-4F1A-9EC7-000BF0735CB9}.Debug_Ubuntu|x64.Build.0 = Debug|x64
		{077FFB29-EA44-4F1A-9EC7-000BF0735CB9}.Debug_Ubuntu|x86.ActiveCfg = Debug|Any CPU
		{077FFB29-EA44-4F1A-9EC7-000BF0735CB9}.Debug|Any CPU.ActiveCfg = Debug|Any CPU
		{077FFB29-EA44-4F1A-9EC7-000BF0735CB9}.Debug|Any CPU.Build.0 = Debug|Any CPU
		{077FFB29-EA44-4F1A-9EC7-000BF0735CB9}.Debug|Mixed Platforms.ActiveCfg = Debug|Any CPU
		{077FFB29-EA44-4F1A-9EC7-000BF0735CB9}.Debug|Mixed Platforms.Build.0 = Debug|Any CPU
		{077FFB29-EA44-4F1A-9EC7-000BF0735CB9}.Debug|x64.ActiveCfg = Debug|x64
		{077FFB29-EA44-4F1A-9EC7-000BF0735CB9}.Debug|x64.Build.0 = Debug|x64
		{077FFB29-EA44-4F1A-9EC7-000BF0735CB9}.Debug|x86.ActiveCfg = Debug|Any CPU
		{077FFB29-EA44-4F1A-9EC7-000BF0735CB9}.DebugCommercial|Any CPU.ActiveCfg = Debug|Any CPU
		{077FFB29-EA44-4F1A-9EC7-000BF0735CB9}.DebugCommercial|Any CPU.Build.0 = Debug|Any CPU
		{077FFB29-EA44-4F1A-9EC7-000BF0735CB9}.DebugCommercial|Mixed Platforms.ActiveCfg = Debug|Any CPU
		{077FFB29-EA44-4F1A-9EC7-000BF0735CB9}.DebugCommercial|Mixed Platforms.Build.0 = Debug|Any CPU
		{077FFB29-EA44-4F1A-9EC7-000BF0735CB9}.DebugCommercial|x64.ActiveCfg = Debug|x64
		{077FFB29-EA44-4F1A-9EC7-000BF0735CB9}.DebugCommercial|x64.Build.0 = Debug|x64
		{077FFB29-EA44-4F1A-9EC7-000BF0735CB9}.DebugCommercial|x86.ActiveCfg = Debug|Any CPU
		{077FFB29-EA44-4F1A-9EC7-000BF0735CB9}.Release_Ubuntu|Any CPU.ActiveCfg = Release|Any CPU
		{077FFB29-EA44-4F1A-9EC7-000BF0735CB9}.Release_Ubuntu|Any CPU.Build.0 = Release|Any CPU
		{077FFB29-EA44-4F1A-9EC7-000BF0735CB9}.Release_Ubuntu|Mixed Platforms.ActiveCfg = Release|Any CPU
		{077FFB29-EA44-4F1A-9EC7-000BF0735CB9}.Release_Ubuntu|Mixed Platforms.Build.0 = Release|Any CPU
		{077FFB29-EA44-4F1A-9EC7-000BF0735CB9}.Release_Ubuntu|x64.ActiveCfg = Release|x64
		{077FFB29-EA44-4F1A-9EC7-000BF0735CB9}.Release_Ubuntu|x64.Build.0 = Release|x64
		{077FFB29-EA44-4F1A-9EC7-000BF0735CB9}.Release_Ubuntu|x86.ActiveCfg = Release|Any CPU
		{077FFB29-EA44-4F1A-9EC7-000BF0735CB9}.Release|Any CPU.ActiveCfg = Release|Any CPU
		{077FFB29-EA44-4F1A-9EC7-000BF0735CB9}.Release|Any CPU.Build.0 = Release|Any CPU
		{077FFB29-EA44-4F1A-9EC7-000BF0735CB9}.Release|Mixed Platforms.ActiveCfg = Release|Any CPU
		{077FFB29-EA44-4F1A-9EC7-000BF0735CB9}.Release|Mixed Platforms.Build.0 = Release|Any CPU
		{077FFB29-EA44-4F1A-9EC7-000BF0735CB9}.Release|x64.ActiveCfg = Release|x64
		{077FFB29-EA44-4F1A-9EC7-000BF0735CB9}.Release|x64.Build.0 = Release|x64
		{077FFB29-EA44-4F1A-9EC7-000BF0735CB9}.Release|x86.ActiveCfg = Release|Any CPU
		{0602988E-8C09-4948-8AA0-EFC7AB8112B1}.Debug_Ubuntu|Any CPU.ActiveCfg = Debug|Any CPU
		{0602988E-8C09-4948-8AA0-EFC7AB8112B1}.Debug_Ubuntu|Any CPU.Build.0 = Debug|Any CPU
		{0602988E-8C09-4948-8AA0-EFC7AB8112B1}.Debug_Ubuntu|Mixed Platforms.ActiveCfg = Debug|Any CPU
		{0602988E-8C09-4948-8AA0-EFC7AB8112B1}.Debug_Ubuntu|Mixed Platforms.Build.0 = Debug|Any CPU
		{0602988E-8C09-4948-8AA0-EFC7AB8112B1}.Debug_Ubuntu|x64.ActiveCfg = Debug|Any CPU
		{0602988E-8C09-4948-8AA0-EFC7AB8112B1}.Debug_Ubuntu|x86.ActiveCfg = Debug|Any CPU
		{0602988E-8C09-4948-8AA0-EFC7AB8112B1}.Debug|Any CPU.ActiveCfg = Debug|Any CPU
		{0602988E-8C09-4948-8AA0-EFC7AB8112B1}.Debug|Any CPU.Build.0 = Debug|Any CPU
		{0602988E-8C09-4948-8AA0-EFC7AB8112B1}.Debug|Mixed Platforms.ActiveCfg = Debug|Any CPU
		{0602988E-8C09-4948-8AA0-EFC7AB8112B1}.Debug|Mixed Platforms.Build.0 = Debug|Any CPU
		{0602988E-8C09-4948-8AA0-EFC7AB8112B1}.Debug|x64.ActiveCfg = Debug|Any CPU
		{0602988E-8C09-4948-8AA0-EFC7AB8112B1}.Debug|x86.ActiveCfg = Debug|Any CPU
		{0602988E-8C09-4948-8AA0-EFC7AB8112B1}.DebugCommercial|Any CPU.ActiveCfg = Debug|Any CPU
		{0602988E-8C09-4948-8AA0-EFC7AB8112B1}.DebugCommercial|Any CPU.Build.0 = Debug|Any CPU
		{0602988E-8C09-4948-8AA0-EFC7AB8112B1}.DebugCommercial|Mixed Platforms.ActiveCfg = Debug|Any CPU
		{0602988E-8C09-4948-8AA0-EFC7AB8112B1}.DebugCommercial|Mixed Platforms.Build.0 = Debug|Any CPU
		{0602988E-8C09-4948-8AA0-EFC7AB8112B1}.DebugCommercial|x64.ActiveCfg = Debug|Any CPU
		{0602988E-8C09-4948-8AA0-EFC7AB8112B1}.DebugCommercial|x86.ActiveCfg = Debug|Any CPU
		{0602988E-8C09-4948-8AA0-EFC7AB8112B1}.Release_Ubuntu|Any CPU.ActiveCfg = Release|Any CPU
		{0602988E-8C09-4948-8AA0-EFC7AB8112B1}.Release_Ubuntu|Any CPU.Build.0 = Release|Any CPU
		{0602988E-8C09-4948-8AA0-EFC7AB8112B1}.Release_Ubuntu|Mixed Platforms.ActiveCfg = Release|Any CPU
		{0602988E-8C09-4948-8AA0-EFC7AB8112B1}.Release_Ubuntu|Mixed Platforms.Build.0 = Release|Any CPU
		{0602988E-8C09-4948-8AA0-EFC7AB8112B1}.Release_Ubuntu|x64.ActiveCfg = Release|Any CPU
		{0602988E-8C09-4948-8AA0-EFC7AB8112B1}.Release_Ubuntu|x86.ActiveCfg = Release|Any CPU
		{0602988E-8C09-4948-8AA0-EFC7AB8112B1}.Release|Any CPU.ActiveCfg = Release|Any CPU
		{0602988E-8C09-4948-8AA0-EFC7AB8112B1}.Release|Any CPU.Build.0 = Release|Any CPU
		{0602988E-8C09-4948-8AA0-EFC7AB8112B1}.Release|Mixed Platforms.ActiveCfg = Release|Any CPU
		{0602988E-8C09-4948-8AA0-EFC7AB8112B1}.Release|Mixed Platforms.Build.0 = Release|Any CPU
		{0602988E-8C09-4948-8AA0-EFC7AB8112B1}.Release|x64.ActiveCfg = Release|Any CPU
		{0602988E-8C09-4948-8AA0-EFC7AB8112B1}.Release|x86.ActiveCfg = Release|Any CPU
		{5B09E38D-C70A-4158-9056-DB43F7EAA3B2}.Debug_Ubuntu|Any CPU.ActiveCfg = Debug|Any CPU
		{5B09E38D-C70A-4158-9056-DB43F7EAA3B2}.Debug_Ubuntu|Any CPU.Build.0 = Debug|Any CPU
		{5B09E38D-C70A-4158-9056-DB43F7EAA3B2}.Debug_Ubuntu|Mixed Platforms.ActiveCfg = Debug|Any CPU
		{5B09E38D-C70A-4158-9056-DB43F7EAA3B2}.Debug_Ubuntu|Mixed Platforms.Build.0 = Debug|Any CPU
		{5B09E38D-C70A-4158-9056-DB43F7EAA3B2}.Debug_Ubuntu|x64.ActiveCfg = Debug|Any CPU
		{5B09E38D-C70A-4158-9056-DB43F7EAA3B2}.Debug_Ubuntu|x86.ActiveCfg = Debug|Any CPU
		{5B09E38D-C70A-4158-9056-DB43F7EAA3B2}.Debug|Any CPU.ActiveCfg = Debug|Any CPU
		{5B09E38D-C70A-4158-9056-DB43F7EAA3B2}.Debug|Any CPU.Build.0 = Debug|Any CPU
		{5B09E38D-C70A-4158-9056-DB43F7EAA3B2}.Debug|Mixed Platforms.ActiveCfg = Debug|Any CPU
		{5B09E38D-C70A-4158-9056-DB43F7EAA3B2}.Debug|Mixed Platforms.Build.0 = Debug|Any CPU
		{5B09E38D-C70A-4158-9056-DB43F7EAA3B2}.Debug|x64.ActiveCfg = Debug|Any CPU
		{5B09E38D-C70A-4158-9056-DB43F7EAA3B2}.Debug|x86.ActiveCfg = Debug|Any CPU
		{5B09E38D-C70A-4158-9056-DB43F7EAA3B2}.DebugCommercial|Any CPU.ActiveCfg = Debug|Any CPU
		{5B09E38D-C70A-4158-9056-DB43F7EAA3B2}.DebugCommercial|Any CPU.Build.0 = Debug|Any CPU
		{5B09E38D-C70A-4158-9056-DB43F7EAA3B2}.DebugCommercial|Mixed Platforms.ActiveCfg = Debug|Any CPU
		{5B09E38D-C70A-4158-9056-DB43F7EAA3B2}.DebugCommercial|Mixed Platforms.Build.0 = Debug|Any CPU
		{5B09E38D-C70A-4158-9056-DB43F7EAA3B2}.DebugCommercial|x64.ActiveCfg = Debug|Any CPU
		{5B09E38D-C70A-4158-9056-DB43F7EAA3B2}.DebugCommercial|x86.ActiveCfg = Debug|Any CPU
		{5B09E38D-C70A-4158-9056-DB43F7EAA3B2}.Release_Ubuntu|Any CPU.ActiveCfg = Release|Any CPU
		{5B09E38D-C70A-4158-9056-DB43F7EAA3B2}.Release_Ubuntu|Any CPU.Build.0 = Release|Any CPU
		{5B09E38D-C70A-4158-9056-DB43F7EAA3B2}.Release_Ubuntu|Mixed Platforms.ActiveCfg = Release|Any CPU
		{5B09E38D-C70A-4158-9056-DB43F7EAA3B2}.Release_Ubuntu|Mixed Platforms.Build.0 = Release|Any CPU
		{5B09E38D-C70A-4158-9056-DB43F7EAA3B2}.Release_Ubuntu|x64.ActiveCfg = Release|Any CPU
		{5B09E38D-C70A-4158-9056-DB43F7EAA3B2}.Release_Ubuntu|x86.ActiveCfg = Release|Any CPU
		{5B09E38D-C70A-4158-9056-DB43F7EAA3B2}.Release|Any CPU.ActiveCfg = Release|Any CPU
		{5B09E38D-C70A-4158-9056-DB43F7EAA3B2}.Release|Any CPU.Build.0 = Release|Any CPU
		{5B09E38D-C70A-4158-9056-DB43F7EAA3B2}.Release|Mixed Platforms.ActiveCfg = Release|Any CPU
		{5B09E38D-C70A-4158-9056-DB43F7EAA3B2}.Release|Mixed Platforms.Build.0 = Release|Any CPU
		{5B09E38D-C70A-4158-9056-DB43F7EAA3B2}.Release|x64.ActiveCfg = Release|Any CPU
		{5B09E38D-C70A-4158-9056-DB43F7EAA3B2}.Release|x86.ActiveCfg = Release|Any CPU
		{7657FC4A-AEDF-4F17-B3E9-0D0DFB1CE23B}.Debug_Ubuntu|Any CPU.ActiveCfg = DebugCommercial|Any CPU
		{7657FC4A-AEDF-4F17-B3E9-0D0DFB1CE23B}.Debug_Ubuntu|Any CPU.Build.0 = DebugCommercial|Any CPU
		{7657FC4A-AEDF-4F17-B3E9-0D0DFB1CE23B}.Debug_Ubuntu|Mixed Platforms.ActiveCfg = DebugCommercial|Any CPU
		{7657FC4A-AEDF-4F17-B3E9-0D0DFB1CE23B}.Debug_Ubuntu|Mixed Platforms.Build.0 = DebugCommercial|Any CPU
		{7657FC4A-AEDF-4F17-B3E9-0D0DFB1CE23B}.Debug_Ubuntu|x64.ActiveCfg = DebugCommercial|Any CPU
		{7657FC4A-AEDF-4F17-B3E9-0D0DFB1CE23B}.Debug_Ubuntu|x86.ActiveCfg = DebugCommercial|Any CPU
		{7657FC4A-AEDF-4F17-B3E9-0D0DFB1CE23B}.Debug|Any CPU.ActiveCfg = Debug|Any CPU
		{7657FC4A-AEDF-4F17-B3E9-0D0DFB1CE23B}.Debug|Any CPU.Build.0 = Debug|Any CPU
		{7657FC4A-AEDF-4F17-B3E9-0D0DFB1CE23B}.Debug|Mixed Platforms.ActiveCfg = Debug|Any CPU
		{7657FC4A-AEDF-4F17-B3E9-0D0DFB1CE23B}.Debug|Mixed Platforms.Build.0 = Debug|Any CPU
		{7657FC4A-AEDF-4F17-B3E9-0D0DFB1CE23B}.Debug|x64.ActiveCfg = Debug|Any CPU
		{7657FC4A-AEDF-4F17-B3E9-0D0DFB1CE23B}.Debug|x86.ActiveCfg = Debug|Any CPU
		{7657FC4A-AEDF-4F17-B3E9-0D0DFB1CE23B}.DebugCommercial|Any CPU.ActiveCfg = DebugCommercial|Any CPU
		{7657FC4A-AEDF-4F17-B3E9-0D0DFB1CE23B}.DebugCommercial|Any CPU.Build.0 = DebugCommercial|Any CPU
		{7657FC4A-AEDF-4F17-B3E9-0D0DFB1CE23B}.DebugCommercial|Mixed Platforms.ActiveCfg = DebugCommercial|Any CPU
		{7657FC4A-AEDF-4F17-B3E9-0D0DFB1CE23B}.DebugCommercial|Mixed Platforms.Build.0 = DebugCommercial|Any CPU
		{7657FC4A-AEDF-4F17-B3E9-0D0DFB1CE23B}.DebugCommercial|x64.ActiveCfg = DebugCommercial|Any CPU
		{7657FC4A-AEDF-4F17-B3E9-0D0DFB1CE23B}.DebugCommercial|x86.ActiveCfg = DebugCommercial|Any CPU
		{7657FC4A-AEDF-4F17-B3E9-0D0DFB1CE23B}.Release_Ubuntu|Any CPU.ActiveCfg = Release|Any CPU
		{7657FC4A-AEDF-4F17-B3E9-0D0DFB1CE23B}.Release_Ubuntu|Any CPU.Build.0 = Release|Any CPU
		{7657FC4A-AEDF-4F17-B3E9-0D0DFB1CE23B}.Release_Ubuntu|Mixed Platforms.ActiveCfg = Release|Any CPU
		{7657FC4A-AEDF-4F17-B3E9-0D0DFB1CE23B}.Release_Ubuntu|Mixed Platforms.Build.0 = Release|Any CPU
		{7657FC4A-AEDF-4F17-B3E9-0D0DFB1CE23B}.Release_Ubuntu|x64.ActiveCfg = Release|Any CPU
		{7657FC4A-AEDF-4F17-B3E9-0D0DFB1CE23B}.Release_Ubuntu|x86.ActiveCfg = Release|Any CPU
		{7657FC4A-AEDF-4F17-B3E9-0D0DFB1CE23B}.Release|Any CPU.ActiveCfg = Release|Any CPU
		{7657FC4A-AEDF-4F17-B3E9-0D0DFB1CE23B}.Release|Any CPU.Build.0 = Release|Any CPU
		{7657FC4A-AEDF-4F17-B3E9-0D0DFB1CE23B}.Release|Mixed Platforms.ActiveCfg = Release|Any CPU
		{7657FC4A-AEDF-4F17-B3E9-0D0DFB1CE23B}.Release|Mixed Platforms.Build.0 = Release|Any CPU
		{7657FC4A-AEDF-4F17-B3E9-0D0DFB1CE23B}.Release|x64.ActiveCfg = Release|Any CPU
		{7657FC4A-AEDF-4F17-B3E9-0D0DFB1CE23B}.Release|x86.ActiveCfg = Release|Any CPU
	EndGlobalSection
	GlobalSection(SolutionProperties) = preSolution
		HideSolutionNode = FALSE
	EndGlobalSection
	GlobalSection(NestedProjects) = preSolution
		{1BD6004D-CFEE-4E4E-A7B9-23F40DA1D3D5} = {192E245C-57C7-46F1-B4A1-FABE684828D0}
		{5E61E31C-D6C3-4451-9080-98BD7EAA36FF} = {192E245C-57C7-46F1-B4A1-FABE684828D0}
		{0602988E-8C09-4948-8AA0-EFC7AB8112B1} = {192E245C-57C7-46F1-B4A1-FABE684828D0}
		{5B09E38D-C70A-4158-9056-DB43F7EAA3B2} = {192E245C-57C7-46F1-B4A1-FABE684828D0}
		{EA2BD7CB-9EF8-4A60-832E-1CA2A7997E02} = {AB2AB879-777C-46C0-ACF4-35479D23EF05}
		{B357BAC7-529E-4D81-A0D2-71041B19C8DE} = {AB2AB879-777C-46C0-ACF4-35479D23EF05}
		{5B36DAAB-B384-4110-917C-EF296AF9AEBB} = {AB2AB879-777C-46C0-ACF4-35479D23EF05}
		{4063341E-1D4D-4D95-B1A0-3E29888073EF} = {AB2AB879-777C-46C0-ACF4-35479D23EF05}
		{DE664864-7993-4FEB-BA90-7D36722ED077} = {AB2AB879-777C-46C0-ACF4-35479D23EF05}
		{CDAED5DF-4651-4026-87FD-71E7B3228B60} = {AB2AB879-777C-46C0-ACF4-35479D23EF05}
		{9BF4A36F-80E4-4702-9093-E024D09A0682} = {AB2AB879-777C-46C0-ACF4-35479D23EF05}
		{9EE91E45-F3A3-47EC-8343-39E66116029E} = {AB2AB879-777C-46C0-ACF4-35479D23EF05}
		{2910FC9B-8ACF-431F-9AF9-573998526463} = {AB2AB879-777C-46C0-ACF4-35479D23EF05}
		{472CBA49-D3CD-40EF-830D-6D7438F76389} = {AB2AB879-777C-46C0-ACF4-35479D23EF05}
		{7657FC4A-AEDF-4F17-B3E9-0D0DFB1CE23B} = {AB2AB879-777C-46C0-ACF4-35479D23EF05}
		{0C93E267-FD49-4BDF-B1C3-2239BFBF6104} = {363C6448-9D0C-492C-A78F-C0FFD41E9157}
		{E9C08482-B1BD-430B-A441-80CBB834754B} = {363C6448-9D0C-492C-A78F-C0FFD41E9157}
		{ACE4CAAA-4A56-43F9-8F74-874893BBE7E3} = {0C93E267-FD49-4BDF-B1C3-2239BFBF6104}
		{76D244E6-DFC4-4C73-87EE-F6379FACAAAB} = {E21EEC8C-4C25-4BA8-ADB8-E27B11A1F25D}
		{72A2D6DA-EFD3-4590-A52E-5C4C131C7F68} = {E21EEC8C-4C25-4BA8-ADB8-E27B11A1F25D}
		{AC90307D-E34E-4F82-9712-FE32BBBB6203} = {E21EEC8C-4C25-4BA8-ADB8-E27B11A1F25D}
		{077FFB29-EA44-4F1A-9EC7-000BF0735CB9} = {E21EEC8C-4C25-4BA8-ADB8-E27B11A1F25D}
		{49AA868A-2F48-4BBE-A793-438C15873EF4} = {BBEFDF22-4D25-4C3A-B957-EB8FB4C0C71E}
		{ECBD8018-4690-4C54-BAF6-7637423E1301} = {BBEFDF22-4D25-4C3A-B957-EB8FB4C0C71E}
		{2494E4B9-38D6-4900-9B61-C6076A751338} = {BBEFDF22-4D25-4C3A-B957-EB8FB4C0C71E}
		{B1D01556-1514-417A-A674-EF2F512E5D10} = {BBEFDF22-4D25-4C3A-B957-EB8FB4C0C71E}
		{6776F2EE-70BC-4A46-BC98-6011943886AE} = {8DE0FE87-289B-46D3-93E8-B82ECC326FEE}
		{4ACBF160-7B83-41A8-8D01-8BE2D1FB0C46} = {8DE0FE87-289B-46D3-93E8-B82ECC326FEE}
	EndGlobalSection
EndGlobal
