
Microsoft Visual Studio Solution File, Format Version 12.00
# Visual Studio 2013
VisualStudioVersion = 12.0.21005.1
MinimumVisualStudioVersion = 10.0.40219.1
Project("{FAE04EC0-301F-11D3-BF4B-00C04F79EFBC}") = "NormanFastJson", "..\..\Util\FastJSON\NormanFastJson.csproj", "{DE664864-7993-4FEB-BA90-7D36722ED077}"
EndProject
Project("{FAE04EC0-301F-11D3-BF4B-00C04F79EFBC}") = "WebUtil", "..\..\Util\WebUtil\WebUtil.csproj", "{EA2BD7CB-9EF8-4A60-832E-1CA2A7997E02}"
EndProject
Project("{FAE04EC0-301F-11D3-BF4B-00C04F79EFBC}") = "websocket-sharp", "..\..\Util\NormanWebsocket-Sharp\websocket-sharp.csproj", "{B357BAC7-529E-4D81-A0D2-71041B19C8DE}"
EndProject
Project("{FAE04EC0-301F-11D3-BF4B-00C04F79EFBC}") = "FakeHISServer", "FakeHISServer\FakeHISServer.csproj", "{E9C08482-B1BD-430B-A441-80CBB834754B}"
EndProject
Project("{FAE04EC0-301F-11D3-BF4B-00C04F79EFBC}") = "MyCode", "..\..\MyCode\MyCode\MyCode.csproj", "{5B36DAAB-B384-4110-917C-EF296AF9AEBB}"
EndProject
Project("{FAE04EC0-301F-11D3-BF4B-00C04F79EFBC}") = "Dll打包进Exe", "..\Dll打包进Exe\Dll打包进Exe\Dll打包进Exe.csproj", "{7426BF1E-33E7-4245-99A0-E478189254B2}"
EndProject
Project("{FAE04EC0-301F-11D3-BF4B-00C04F79EFBC}") = "AMDMDomain", "AMDMDomain\AMDMDomain.csproj", "{2910FC9B-8ACF-431F-9AF9-573998526463}"
EndProject
Global
	GlobalSection(SolutionConfigurationPlatforms) = preSolution
		Debug_Ubuntu|Any CPU = Debug_Ubuntu|Any CPU
		Debug_Ubuntu|Mixed Platforms = Debug_Ubuntu|Mixed Platforms
		Debug_Ubuntu|x64 = Debug_Ubuntu|x64
		Debug_Ubuntu|x86 = Debug_Ubuntu|x86
		Debug|Any CPU = Debug|Any CPU
		Debug|Mixed Platforms = Debug|Mixed Platforms
		Debug|x64 = Debug|x64
		Debug|x86 = Debug|x86
		Release_Ubuntu|Any CPU = Release_Ubuntu|Any CPU
		Release_Ubuntu|Mixed Platforms = Release_Ubuntu|Mixed Platforms
		Release_Ubuntu|x64 = Release_Ubuntu|x64
		Release_Ubuntu|x86 = Release_Ubuntu|x86
		Release|Any CPU = Release|Any CPU
		Release|Mixed Platforms = Release|Mixed Platforms
		Release|x64 = Release|x64
		Release|x86 = Release|x86
	EndGlobalSection
	GlobalSection(ProjectConfigurationPlatforms) = postSolution
		{DE664864-7993-4FEB-BA90-7D36722ED077}.Debug_Ubuntu|Any CPU.ActiveCfg = Debug|Any CPU
		{DE664864-7993-4FEB-BA90-7D36722ED077}.Debug_Ubuntu|Any CPU.Build.0 = Debug|Any CPU
		{DE664864-7993-4FEB-BA90-7D36722ED077}.Debug_Ubuntu|Mixed Platforms.ActiveCfg = Debug|Any CPU
		{DE664864-7993-4FEB-BA90-7D36722ED077}.Debug_Ubuntu|Mixed Platforms.Build.0 = Debug|Any CPU
		{DE664864-7993-4FEB-BA90-7D36722ED077}.Debug_Ubuntu|x64.ActiveCfg = Debug|Any CPU
		{DE664864-7993-4FEB-BA90-7D36722ED077}.Debug_Ubuntu|x86.ActiveCfg = Debug|Any CPU
		{DE664864-7993-4FEB-BA90-7D36722ED077}.Debug|Any CPU.ActiveCfg = Debug|Any CPU
		{DE664864-7993-4FEB-BA90-7D36722ED077}.Debug|Any CPU.Build.0 = Debug|Any CPU
		{DE664864-7993-4FEB-BA90-7D36722ED077}.Debug|Mixed Platforms.ActiveCfg = Debug|Any CPU
		{DE664864-7993-4FEB-BA90-7D36722ED077}.Debug|Mixed Platforms.Build.0 = Debug|Any CPU
		{DE664864-7993-4FEB-BA90-7D36722ED077}.Debug|x64.ActiveCfg = Debug|Any CPU
		{DE664864-7993-4FEB-BA90-7D36722ED077}.Debug|x86.ActiveCfg = Debug|Any CPU
		{DE664864-7993-4FEB-BA90-7D36722ED077}.Release_Ubuntu|Any CPU.ActiveCfg = Release|Any CPU
		{DE664864-7993-4FEB-BA90-7D36722ED077}.Release_Ubuntu|Any CPU.Build.0 = Release|Any CPU
		{DE664864-7993-4FEB-BA90-7D36722ED077}.Release_Ubuntu|Mixed Platforms.ActiveCfg = Release|Any CPU
		{DE664864-7993-4FEB-BA90-7D36722ED077}.Release_Ubuntu|Mixed Platforms.Build.0 = Release|Any CPU
		{DE664864-7993-4FEB-BA90-7D36722ED077}.Release_Ubuntu|x64.ActiveCfg = Release|Any CPU
		{DE664864-7993-4FEB-BA90-7D36722ED077}.Release_Ubuntu|x86.ActiveCfg = Release|Any CPU
		{DE664864-7993-4FEB-BA90-7D36722ED077}.Release|Any CPU.ActiveCfg = Release|Any CPU
		{DE664864-7993-4FEB-BA90-7D36722ED077}.Release|Any CPU.Build.0 = Release|Any CPU
		{DE664864-7993-4FEB-BA90-7D36722ED077}.Release|Mixed Platforms.ActiveCfg = Release|Any CPU
		{DE664864-7993-4FEB-BA90-7D36722ED077}.Release|Mixed Platforms.Build.0 = Release|Any CPU
		{DE664864-7993-4FEB-BA90-7D36722ED077}.Release|x64.ActiveCfg = Release|Any CPU
		{DE664864-7993-4FEB-BA90-7D36722ED077}.Release|x86.ActiveCfg = Release|Any CPU
		{EA2BD7CB-9EF8-4A60-832E-1CA2A7997E02}.Debug_Ubuntu|Any CPU.ActiveCfg = Debug|Any CPU
		{EA2BD7CB-9EF8-4A60-832E-1CA2A7997E02}.Debug_Ubuntu|Any CPU.Build.0 = Debug|Any CPU
		{EA2BD7CB-9EF8-4A60-832E-1CA2A7997E02}.Debug_Ubuntu|Mixed Platforms.ActiveCfg = Debug|Any CPU
		{EA2BD7CB-9EF8-4A60-832E-1CA2A7997E02}.Debug_Ubuntu|Mixed Platforms.Build.0 = Debug|Any CPU
		{EA2BD7CB-9EF8-4A60-832E-1CA2A7997E02}.Debug_Ubuntu|x64.ActiveCfg = Debug|x64
		{EA2BD7CB-9EF8-4A60-832E-1CA2A7997E02}.Debug_Ubuntu|x64.Build.0 = Debug|x64
		{EA2BD7CB-9EF8-4A60-832E-1CA2A7997E02}.Debug_Ubuntu|x86.ActiveCfg = Debug|Any CPU
		{EA2BD7CB-9EF8-4A60-832E-1CA2A7997E02}.Debug|Any CPU.ActiveCfg = Debug|Any CPU
		{EA2BD7CB-9EF8-4A60-832E-1CA2A7997E02}.Debug|Any CPU.Build.0 = Debug|Any CPU
		{EA2BD7CB-9EF8-4A60-832E-1CA2A7997E02}.Debug|Mixed Platforms.ActiveCfg = Debug|Any CPU
		{EA2BD7CB-9EF8-4A60-832E-1CA2A7997E02}.Debug|Mixed Platforms.Build.0 = Debug|Any CPU
		{EA2BD7CB-9EF8-4A60-832E-1CA2A7997E02}.Debug|x64.ActiveCfg = Debug|x64
		{EA2BD7CB-9EF8-4A60-832E-1CA2A7997E02}.Debug|x64.Build.0 = Debug|x64
		{EA2BD7CB-9EF8-4A60-832E-1CA2A7997E02}.Debug|x86.ActiveCfg = Debug|Any CPU
		{EA2BD7CB-9EF8-4A60-832E-1CA2A7997E02}.Release_Ubuntu|Any CPU.ActiveCfg = Release|Any CPU
		{EA2BD7CB-9EF8-4A60-832E-1CA2A7997E02}.Release_Ubuntu|Any CPU.Build.0 = Release|Any CPU
		{EA2BD7CB-9EF8-4A60-832E-1CA2A7997E02}.Release_Ubuntu|Mixed Platforms.ActiveCfg = Release|Any CPU
		{EA2BD7CB-9EF8-4A60-832E-1CA2A7997E02}.Release_Ubuntu|Mixed Platforms.Build.0 = Release|Any CPU
		{EA2BD7CB-9EF8-4A60-832E-1CA2A7997E02}.Release_Ubuntu|x64.ActiveCfg = Release|x64
		{EA2BD7CB-9EF8-4A60-832E-1CA2A7997E02}.Release_Ubuntu|x64.Build.0 = Release|x64
		{EA2BD7CB-9EF8-4A60-832E-1CA2A7997E02}.Release_Ubuntu|x86.ActiveCfg = Release|Any CPU
		{EA2BD7CB-9EF8-4A60-832E-1CA2A7997E02}.Release|Any CPU.ActiveCfg = Release|Any CPU
		{EA2BD7CB-9EF8-4A60-832E-1CA2A7997E02}.Release|Any CPU.Build.0 = Release|Any CPU
		{EA2BD7CB-9EF8-4A60-832E-1CA2A7997E02}.Release|Mixed Platforms.ActiveCfg = Release|Any CPU
		{EA2BD7CB-9EF8-4A60-832E-1CA2A7997E02}.Release|Mixed Platforms.Build.0 = Release|Any CPU
		{EA2BD7CB-9EF8-4A60-832E-1CA2A7997E02}.Release|x64.ActiveCfg = Release|x64
		{EA2BD7CB-9EF8-4A60-832E-1CA2A7997E02}.Release|x64.Build.0 = Release|x64
		{EA2BD7CB-9EF8-4A60-832E-1CA2A7997E02}.Release|x86.ActiveCfg = Release|Any CPU
		{B357BAC7-529E-4D81-A0D2-71041B19C8DE}.Debug_Ubuntu|Any CPU.ActiveCfg = Debug_Ubuntu|Any CPU
		{B357BAC7-529E-4D81-A0D2-71041B19C8DE}.Debug_Ubuntu|Any CPU.Build.0 = Debug_Ubuntu|Any CPU
		{B357BAC7-529E-4D81-A0D2-71041B19C8DE}.Debug_Ubuntu|Mixed Platforms.ActiveCfg = Debug_Ubuntu|Any CPU
		{B357BAC7-529E-4D81-A0D2-71041B19C8DE}.Debug_Ubuntu|Mixed Platforms.Build.0 = Debug_Ubuntu|Any CPU
		{B357BAC7-529E-4D81-A0D2-71041B19C8DE}.Debug_Ubuntu|x64.ActiveCfg = Debug_Ubuntu|Any CPU
		{B357BAC7-529E-4D81-A0D2-71041B19C8DE}.Debug_Ubuntu|x86.ActiveCfg = Debug_Ubuntu|Any CPU
		{B357BAC7-529E-4D81-A0D2-71041B19C8DE}.Debug|Any CPU.ActiveCfg = Debug|Any CPU
		{B357BAC7-529E-4D81-A0D2-71041B19C8DE}.Debug|Any CPU.Build.0 = Debug|Any CPU
		{B357BAC7-529E-4D81-A0D2-71041B19C8DE}.Debug|Mixed Platforms.ActiveCfg = Debug|Any CPU
		{B357BAC7-529E-4D81-A0D2-71041B19C8DE}.Debug|Mixed Platforms.Build.0 = Debug|Any CPU
		{B357BAC7-529E-4D81-A0D2-71041B19C8DE}.Debug|x64.ActiveCfg = Debug|Any CPU
		{B357BAC7-529E-4D81-A0D2-71041B19C8DE}.Debug|x86.ActiveCfg = Debug|Any CPU
		{B357BAC7-529E-4D81-A0D2-71041B19C8DE}.Release_Ubuntu|Any CPU.ActiveCfg = Release_Ubuntu|Any CPU
		{B357BAC7-529E-4D81-A0D2-71041B19C8DE}.Release_Ubuntu|Any CPU.Build.0 = Release_Ubuntu|Any CPU
		{B357BAC7-529E-4D81-A0D2-71041B19C8DE}.Release_Ubuntu|Mixed Platforms.ActiveCfg = Release_Ubuntu|Any CPU
		{B357BAC7-529E-4D81-A0D2-71041B19C8DE}.Release_Ubuntu|Mixed Platforms.Build.0 = Release_Ubuntu|Any CPU
		{B357BAC7-529E-4D81-A0D2-71041B19C8DE}.Release_Ubuntu|x64.ActiveCfg = Release_Ubuntu|Any CPU
		{B357BAC7-529E-4D81-A0D2-71041B19C8DE}.Release_Ubuntu|x86.ActiveCfg = Release_Ubuntu|Any CPU
		{B357BAC7-529E-4D81-A0D2-71041B19C8DE}.Release|Any CPU.ActiveCfg = Release|Any CPU
		{B357BAC7-529E-4D81-A0D2-71041B19C8DE}.Release|Any CPU.Build.0 = Release|Any CPU
		{B357BAC7-529E-4D81-A0D2-71041B19C8DE}.Release|Mixed Platforms.ActiveCfg = Release|Any CPU
		{B357BAC7-529E-4D81-A0D2-71041B19C8DE}.Release|Mixed Platforms.Build.0 = Release|Any CPU
		{B357BAC7-529E-4D81-A0D2-71041B19C8DE}.Release|x64.ActiveCfg = Release|Any CPU
		{B357BAC7-529E-4D81-A0D2-71041B19C8DE}.Release|x86.ActiveCfg = Release|Any CPU
		{E9C08482-B1BD-430B-A441-80CBB834754B}.Debug_Ubuntu|Any CPU.ActiveCfg = Debug|Any CPU
		{E9C08482-B1BD-430B-A441-80CBB834754B}.Debug_Ubuntu|Any CPU.Build.0 = Debug|Any CPU
		{E9C08482-B1BD-430B-A441-80CBB834754B}.Debug_Ubuntu|Mixed Platforms.ActiveCfg = Debug|Any CPU
		{E9C08482-B1BD-430B-A441-80CBB834754B}.Debug_Ubuntu|Mixed Platforms.Build.0 = Debug|Any CPU
		{E9C08482-B1BD-430B-A441-80CBB834754B}.Debug_Ubuntu|x64.ActiveCfg = Debug|Any CPU
		{E9C08482-B1BD-430B-A441-80CBB834754B}.Debug_Ubuntu|x86.ActiveCfg = Debug|Any CPU
		{E9C08482-B1BD-430B-A441-80CBB834754B}.Debug|Any CPU.ActiveCfg = Debug|Any CPU
		{E9C08482-B1BD-430B-A441-80CBB834754B}.Debug|Any CPU.Build.0 = Debug|Any CPU
		{E9C08482-B1BD-430B-A441-80CBB834754B}.Debug|Mixed Platforms.ActiveCfg = Debug|Any CPU
		{E9C08482-B1BD-430B-A441-80CBB834754B}.Debug|Mixed Platforms.Build.0 = Debug|Any CPU
		{E9C08482-B1BD-430B-A441-80CBB834754B}.Debug|x64.ActiveCfg = Debug|Any CPU
		{E9C08482-B1BD-430B-A441-80CBB834754B}.Debug|x86.ActiveCfg = Debug|Any CPU
		{E9C08482-B1BD-430B-A441-80CBB834754B}.Release_Ubuntu|Any CPU.ActiveCfg = Release|Any CPU
		{E9C08482-B1BD-430B-A441-80CBB834754B}.Release_Ubuntu|Any CPU.Build.0 = Release|Any CPU
		{E9C08482-B1BD-430B-A441-80CBB834754B}.Release_Ubuntu|Mixed Platforms.ActiveCfg = Release|Any CPU
		{E9C08482-B1BD-430B-A441-80CBB834754B}.Release_Ubuntu|Mixed Platforms.Build.0 = Release|Any CPU
		{E9C08482-B1BD-430B-A441-80CBB834754B}.Release_Ubuntu|x64.ActiveCfg = Release|Any CPU
		{E9C08482-B1BD-430B-A441-80CBB834754B}.Release_Ubuntu|x86.ActiveCfg = Release|Any CPU
		{E9C08482-B1BD-430B-A441-80CBB834754B}.Release|Any CPU.ActiveCfg = Release|Any CPU
		{E9C08482-B1BD-430B-A441-80CBB834754B}.Release|Any CPU.Build.0 = Release|Any CPU
		{E9C08482-B1BD-430B-A441-80CBB834754B}.Release|Mixed Platforms.ActiveCfg = Release|Any CPU
		{E9C08482-B1BD-430B-A441-80CBB834754B}.Release|Mixed Platforms.Build.0 = Release|Any CPU
		{E9C08482-B1BD-430B-A441-80CBB834754B}.Release|x64.ActiveCfg = Release|Any CPU
		{E9C08482-B1BD-430B-A441-80CBB834754B}.Release|x86.ActiveCfg = Release|Any CPU
		{5B36DAAB-B384-4110-917C-EF296AF9AEBB}.Debug_Ubuntu|Any CPU.ActiveCfg = Debug|Any CPU
		{5B36DAAB-B384-4110-917C-EF296AF9AEBB}.Debug_Ubuntu|Any CPU.Build.0 = Debug|Any CPU
		{5B36DAAB-B384-4110-917C-EF296AF9AEBB}.Debug_Ubuntu|Mixed Platforms.ActiveCfg = Debug|x86
		{5B36DAAB-B384-4110-917C-EF296AF9AEBB}.Debug_Ubuntu|Mixed Platforms.Build.0 = Debug|x86
		{5B36DAAB-B384-4110-917C-EF296AF9AEBB}.Debug_Ubuntu|x64.ActiveCfg = Debug|Any CPU
		{5B36DAAB-B384-4110-917C-EF296AF9AEBB}.Debug_Ubuntu|x86.ActiveCfg = Debug|x86
		{5B36DAAB-B384-4110-917C-EF296AF9AEBB}.Debug_Ubuntu|x86.Build.0 = Debug|x86
		{5B36DAAB-B384-4110-917C-EF296AF9AEBB}.Debug|Any CPU.ActiveCfg = Debug|Any CPU
		{5B36DAAB-B384-4110-917C-EF296AF9AEBB}.Debug|Any CPU.Build.0 = Debug|Any CPU
		{5B36DAAB-B384-4110-917C-EF296AF9AEBB}.Debug|Mixed Platforms.ActiveCfg = Debug|x86
		{5B36DAAB-B384-4110-917C-EF296AF9AEBB}.Debug|Mixed Platforms.Build.0 = Debug|x86
		{5B36DAAB-B384-4110-917C-EF296AF9AEBB}.Debug|x64.ActiveCfg = Debug|Any CPU
		{5B36DAAB-B384-4110-917C-EF296AF9AEBB}.Debug|x86.ActiveCfg = Debug|x86
		{5B36DAAB-B384-4110-917C-EF296AF9AEBB}.Debug|x86.Build.0 = Debug|x86
		{5B36DAAB-B384-4110-917C-EF296AF9AEBB}.Release_Ubuntu|Any CPU.ActiveCfg = Release|Any CPU
		{5B36DAAB-B384-4110-917C-EF296AF9AEBB}.Release_Ubuntu|Any CPU.Build.0 = Release|Any CPU
		{5B36DAAB-B384-4110-917C-EF296AF9AEBB}.Release_Ubuntu|Mixed Platforms.ActiveCfg = Release|x86
		{5B36DAAB-B384-4110-917C-EF296AF9AEBB}.Release_Ubuntu|Mixed Platforms.Build.0 = Release|x86
		{5B36DAAB-B384-4110-917C-EF296AF9AEBB}.Release_Ubuntu|x64.ActiveCfg = Release|Any CPU
		{5B36DAAB-B384-4110-917C-EF296AF9AEBB}.Release_Ubuntu|x86.ActiveCfg = Release|x86
		{5B36DAAB-B384-4110-917C-EF296AF9AEBB}.Release_Ubuntu|x86.Build.0 = Release|x86
		{5B36DAAB-B384-4110-917C-EF296AF9AEBB}.Release|Any CPU.ActiveCfg = Release|Any CPU
		{5B36DAAB-B384-4110-917C-EF296AF9AEBB}.Release|Any CPU.Build.0 = Release|Any CPU
		{5B36DAAB-B384-4110-917C-EF296AF9AEBB}.Release|Mixed Platforms.ActiveCfg = Release|x86
		{5B36DAAB-B384-4110-917C-EF296AF9AEBB}.Release|Mixed Platforms.Build.0 = Release|x86
		{5B36DAAB-B384-4110-917C-EF296AF9AEBB}.Release|x64.ActiveCfg = Release|Any CPU
		{5B36DAAB-B384-4110-917C-EF296AF9AEBB}.Release|x86.ActiveCfg = Release|x86
		{5B36DAAB-B384-4110-917C-EF296AF9AEBB}.Release|x86.Build.0 = Release|x86
		{7426BF1E-33E7-4245-99A0-E478189254B2}.Debug_Ubuntu|Any CPU.ActiveCfg = Debug|Any CPU
		{7426BF1E-33E7-4245-99A0-E478189254B2}.Debug_Ubuntu|Any CPU.Build.0 = Debug|Any CPU
		{7426BF1E-33E7-4245-99A0-E478189254B2}.Debug_Ubuntu|Mixed Platforms.ActiveCfg = Debug|Any CPU
		{7426BF1E-33E7-4245-99A0-E478189254B2}.Debug_Ubuntu|Mixed Platforms.Build.0 = Debug|Any CPU
		{7426BF1E-33E7-4245-99A0-E478189254B2}.Debug_Ubuntu|x64.ActiveCfg = Debug|Any CPU
		{7426BF1E-33E7-4245-99A0-E478189254B2}.Debug_Ubuntu|x86.ActiveCfg = Debug|Any CPU
		{7426BF1E-33E7-4245-99A0-E478189254B2}.Debug|Any CPU.ActiveCfg = Debug|Any CPU
		{7426BF1E-33E7-4245-99A0-E478189254B2}.Debug|Any CPU.Build.0 = Debug|Any CPU
		{7426BF1E-33E7-4245-99A0-E478189254B2}.Debug|Mixed Platforms.ActiveCfg = Debug|Any CPU
		{7426BF1E-33E7-4245-99A0-E478189254B2}.Debug|Mixed Platforms.Build.0 = Debug|Any CPU
		{7426BF1E-33E7-4245-99A0-E478189254B2}.Debug|x64.ActiveCfg = Debug|Any CPU
		{7426BF1E-33E7-4245-99A0-E478189254B2}.Debug|x86.ActiveCfg = Debug|Any CPU
		{7426BF1E-33E7-4245-99A0-E478189254B2}.Release_Ubuntu|Any CPU.ActiveCfg = Release|Any CPU
		{7426BF1E-33E7-4245-99A0-E478189254B2}.Release_Ubuntu|Any CPU.Build.0 = Release|Any CPU
		{7426BF1E-33E7-4245-99A0-E478189254B2}.Release_Ubuntu|Mixed Platforms.ActiveCfg = Release|Any CPU
		{7426BF1E-33E7-4245-99A0-E478189254B2}.Release_Ubuntu|Mixed Platforms.Build.0 = Release|Any CPU
		{7426BF1E-33E7-4245-99A0-E478189254B2}.Release_Ubuntu|x64.ActiveCfg = Release|Any CPU
		{7426BF1E-33E7-4245-99A0-E478189254B2}.Release_Ubuntu|x86.ActiveCfg = Release|Any CPU
		{7426BF1E-33E7-4245-99A0-E478189254B2}.Release|Any CPU.ActiveCfg = Release|Any CPU
		{7426BF1E-33E7-4245-99A0-E478189254B2}.Release|Any CPU.Build.0 = Release|Any CPU
		{7426BF1E-33E7-4245-99A0-E478189254B2}.Release|Mixed Platforms.ActiveCfg = Release|Any CPU
		{7426BF1E-33E7-4245-99A0-E478189254B2}.Release|Mixed Platforms.Build.0 = Release|Any CPU
		{7426BF1E-33E7-4245-99A0-E478189254B2}.Release|x64.ActiveCfg = Release|Any CPU
		{7426BF1E-33E7-4245-99A0-E478189254B2}.Release|x86.ActiveCfg = Release|Any CPU
		{2910FC9B-8ACF-431F-9AF9-573998526463}.Debug_Ubuntu|Any CPU.ActiveCfg = Debug|Any CPU
		{2910FC9B-8ACF-431F-9AF9-573998526463}.Debug_Ubuntu|Any CPU.Build.0 = Debug|Any CPU
		{2910FC9B-8ACF-431F-9AF9-573998526463}.Debug_Ubuntu|Mixed Platforms.ActiveCfg = Debug|Any CPU
		{2910FC9B-8ACF-431F-9AF9-573998526463}.Debug_Ubuntu|Mixed Platforms.Build.0 = Debug|Any CPU
		{2910FC9B-8ACF-431F-9AF9-573998526463}.Debug_Ubuntu|x64.ActiveCfg = Debug|Any CPU
		{2910FC9B-8ACF-431F-9AF9-573998526463}.Debug_Ubuntu|x86.ActiveCfg = Debug|Any CPU
		{2910FC9B-8ACF-431F-9AF9-573998526463}.Debug|Any CPU.ActiveCfg = Debug|Any CPU
		{2910FC9B-8ACF-431F-9AF9-573998526463}.Debug|Any CPU.Build.0 = Debug|Any CPU
		{2910FC9B-8ACF-431F-9AF9-573998526463}.Debug|Mixed Platforms.ActiveCfg = Debug|Any CPU
		{2910FC9B-8ACF-431F-9AF9-573998526463}.Debug|Mixed Platforms.Build.0 = Debug|Any CPU
		{2910FC9B-8ACF-431F-9AF9-573998526463}.Debug|x64.ActiveCfg = Debug|Any CPU
		{2910FC9B-8ACF-431F-9AF9-573998526463}.Debug|x86.ActiveCfg = Debug|Any CPU
		{2910FC9B-8ACF-431F-9AF9-573998526463}.Release_Ubuntu|Any CPU.ActiveCfg = Release|Any CPU
		{2910FC9B-8ACF-431F-9AF9-573998526463}.Release_Ubuntu|Any CPU.Build.0 = Release|Any CPU
		{2910FC9B-8ACF-431F-9AF9-573998526463}.Release_Ubuntu|Mixed Platforms.ActiveCfg = Release|Any CPU
		{2910FC9B-8ACF-431F-9AF9-573998526463}.Release_Ubuntu|Mixed Platforms.Build.0 = Release|Any CPU
		{2910FC9B-8ACF-431F-9AF9-573998526463}.Release_Ubuntu|x64.ActiveCfg = Release|Any CPU
		{2910FC9B-8ACF-431F-9AF9-573998526463}.Release_Ubuntu|x86.ActiveCfg = Release|Any CPU
		{2910FC9B-8ACF-431F-9AF9-573998526463}.Release|Any CPU.ActiveCfg = Release|Any CPU
		{2910FC9B-8ACF-431F-9AF9-573998526463}.Release|Any CPU.Build.0 = Release|Any CPU
		{2910FC9B-8ACF-431F-9AF9-573998526463}.Release|Mixed Platforms.ActiveCfg = Release|Any CPU
		{2910FC9B-8ACF-431F-9AF9-573998526463}.Release|Mixed Platforms.Build.0 = Release|Any CPU
		{2910FC9B-8ACF-431F-9AF9-573998526463}.Release|x64.ActiveCfg = Release|Any CPU
		{2910FC9B-8ACF-431F-9AF9-573998526463}.Release|x86.ActiveCfg = Release|Any CPU
	EndGlobalSection
	GlobalSection(SolutionProperties) = preSolution
		HideSolutionNode = FALSE
	EndGlobalSection
EndGlobal
